{
    "version": 3,
    "terraform_version": "0.11.7",
    "serial": 26,
    "lineage": "b22283ce-11b7-7649-4db1-5182d89cfbaf",
    "modules": [
        {
            "path": [
                "root"
            ],
            "outputs": {
                "Bastion Elastic IP": {
                    "sensitive": false,
                    "type": "string",
                    "value": "54.77.29.67"
                },
                "DB Master Password": {
                    "sensitive": false,
                    "type": "string",
                    "value": "cDeErsOl86beK6GQCV"
                },
                "wlb_eip": {
                    "sensitive": false,
                    "type": "string",
                    "value": "alb-web-prod-1729065883.eu-west-1.elb.amazonaws.com"
                }
            },
            "resources": {
                "aws_autoscaling_group.app_asg": {
                    "type": "aws_autoscaling_group",
                    "depends_on": [
                        "aws_launch_configuration.app_lc.*",
                        "aws_lb_target_group.app_tg",
                        "aws_subnet.private_app_subnet.*",
                        "local.app_tags_asg_format",
                        "random_pet.app_asg_name.*"
                    ],
                    "primary": {
                        "id": "asg-apps-prod-charmed-piranha-20181212173056962100000004",
                        "attributes": {
                            "arn": "arn:aws:autoscaling:eu-west-1:209211465600:autoScalingGroup:5fb43c4d-13ab-45e5-b18b-a739d4546331:autoScalingGroupName/asg-apps-prod-charmed-piranha-20181212173056962100000004",
                            "availability_zones.#": "3",
                            "availability_zones.1924028850": "eu-west-1b",
                            "availability_zones.3953592328": "eu-west-1a",
                            "availability_zones.94988580": "eu-west-1c",
                            "default_cooldown": "300",
                            "desired_capacity": "1",
                            "enabled_metrics.#": "8",
                            "enabled_metrics.119681000": "GroupStandbyInstances",
                            "enabled_metrics.1940933563": "GroupTotalInstances",
                            "enabled_metrics.308948767": "GroupPendingInstances",
                            "enabled_metrics.3267518000": "GroupTerminatingInstances",
                            "enabled_metrics.3394537085": "GroupDesiredCapacity",
                            "enabled_metrics.3551801763": "GroupInServiceInstances",
                            "enabled_metrics.4118539418": "GroupMinSize",
                            "enabled_metrics.4136111317": "GroupMaxSize",
                            "force_delete": "false",
                            "health_check_grace_period": "300",
                            "health_check_type": "ELB",
                            "id": "asg-apps-prod-charmed-piranha-20181212173056962100000004",
                            "launch_configuration": "lc-apps-prod-20181212173056176700000001",
                            "launch_template.#": "0",
                            "load_balancers.#": "0",
                            "max_size": "2",
                            "metrics_granularity": "1Minute",
                            "min_elb_capacity": "0",
                            "min_size": "1",
                            "mixed_instances_policy.#": "0",
                            "name": "asg-apps-prod-charmed-piranha-20181212173056962100000004",
                            "name_prefix": "asg-apps-prod-charmed-piranha-",
                            "placement_group": "",
                            "protect_from_scale_in": "false",
                            "service_linked_role_arn": "arn:aws:iam::209211465600:role/aws-service-role/autoscaling.amazonaws.com/AWSServiceRoleForAutoScaling",
                            "suspended_processes.#": "0",
                            "tags.#": "1",
                            "tags.0.%": "3",
                            "tags.0.key": "Name",
                            "tags.0.propagate_at_launch": "1",
                            "tags.0.value": "myappnode",
                            "target_group_arns.#": "1",
                            "target_group_arns.96322237": "arn:aws:elasticloadbalancing:eu-west-1:209211465600:targetgroup/tg-app-prod/120dbc5a1e856d23",
                            "termination_policies.#": "1",
                            "termination_policies.0": "Default",
                            "vpc_zone_identifier.#": "3",
                            "vpc_zone_identifier.1998675666": "subnet-0885a4305fcb16e99",
                            "vpc_zone_identifier.2738706132": "subnet-07241018cf3b814c4",
                            "vpc_zone_identifier.4054042312": "subnet-0181035aa9d2e43c0",
                            "wait_for_capacity_timeout": "10m",
                            "wait_for_elb_capacity": "0"
                        },
                        "meta": {
                            "e2bfb730-ecaa-11e6-8f88-34363bc7c4c0": {
                                "delete": 600000000000
                            }
                        },
                        "tainted": false
                    },
                    "deposed": [],
                    "provider": "provider.aws"
                },
                "aws_autoscaling_group.web_asg": {
                    "type": "aws_autoscaling_group",
                    "depends_on": [
                        "aws_launch_configuration.web_lc.*",
                        "aws_lb_target_group.web_tg",
                        "aws_subnet.public_web_subnet.*",
                        "local.tags_asg_format",
                        "random_pet.web_asg_name.*"
                    ],
                    "primary": {
                        "id": "asg-web-prod-definite-chipmunk-20181212173056962100000003",
                        "attributes": {
                            "arn": "arn:aws:autoscaling:eu-west-1:209211465600:autoScalingGroup:837234a7-97b9-4f47-8621-0e1ca5866729:autoScalingGroupName/asg-web-prod-definite-chipmunk-20181212173056962100000003",
                            "availability_zones.#": "3",
                            "availability_zones.1924028850": "eu-west-1b",
                            "availability_zones.3953592328": "eu-west-1a",
                            "availability_zones.94988580": "eu-west-1c",
                            "default_cooldown": "300",
                            "desired_capacity": "1",
                            "enabled_metrics.#": "8",
                            "enabled_metrics.119681000": "GroupStandbyInstances",
                            "enabled_metrics.1940933563": "GroupTotalInstances",
                            "enabled_metrics.308948767": "GroupPendingInstances",
                            "enabled_metrics.3267518000": "GroupTerminatingInstances",
                            "enabled_metrics.3394537085": "GroupDesiredCapacity",
                            "enabled_metrics.3551801763": "GroupInServiceInstances",
                            "enabled_metrics.4118539418": "GroupMinSize",
                            "enabled_metrics.4136111317": "GroupMaxSize",
                            "force_delete": "false",
                            "health_check_grace_period": "300",
                            "health_check_type": "ELB",
                            "id": "asg-web-prod-definite-chipmunk-20181212173056962100000003",
                            "launch_configuration": "lc-web-prod-20181212173056176700000002",
                            "launch_template.#": "0",
                            "load_balancers.#": "0",
                            "max_size": "2",
                            "metrics_granularity": "1Minute",
                            "min_elb_capacity": "0",
                            "min_size": "1",
                            "mixed_instances_policy.#": "0",
                            "name": "asg-web-prod-definite-chipmunk-20181212173056962100000003",
                            "name_prefix": "asg-web-prod-definite-chipmunk-",
                            "placement_group": "",
                            "protect_from_scale_in": "false",
                            "service_linked_role_arn": "arn:aws:iam::209211465600:role/aws-service-role/autoscaling.amazonaws.com/AWSServiceRoleForAutoScaling",
                            "suspended_processes.#": "0",
                            "tags.#": "1",
                            "tags.0.%": "3",
                            "tags.0.key": "Name",
                            "tags.0.propagate_at_launch": "1",
                            "tags.0.value": "mywebapp",
                            "target_group_arns.#": "1",
                            "target_group_arns.2006691039": "arn:aws:elasticloadbalancing:eu-west-1:209211465600:targetgroup/tg-web-prod/1d5986cbc886cf93",
                            "termination_policies.#": "1",
                            "termination_policies.0": "Default",
                            "vpc_zone_identifier.#": "3",
                            "vpc_zone_identifier.216126375": "subnet-016a3c1f7cbb308f4",
                            "vpc_zone_identifier.3023601918": "subnet-036fb12dac8674dab",
                            "vpc_zone_identifier.4069878830": "subnet-06d321e28f1339b9c",
                            "wait_for_capacity_timeout": "10m",
                            "wait_for_elb_capacity": "0"
                        },
                        "meta": {
                            "e2bfb730-ecaa-11e6-8f88-34363bc7c4c0": {
                                "delete": 600000000000
                            }
                        },
                        "tainted": false
                    },
                    "deposed": [],
                    "provider": "provider.aws"
                },
                "aws_db_instance.mysql-db": {
                    "type": "aws_db_instance",
                    "depends_on": [
                        "aws_db_subnet_group.dbsubnet",
                        "aws_security_group.db",
                        "random_string.password"
                    ],
                    "primary": {
                        "id": "mysql-db",
                        "attributes": {
                            "address": "mysql-db.chkav2tuggz0.eu-west-1.rds.amazonaws.com",
                            "allocated_storage": "100",
                            "apply_immediately": "true",
                            "arn": "arn:aws:rds:eu-west-1:209211465600:db:mysql-db",
                            "auto_minor_version_upgrade": "true",
                            "availability_zone": "eu-west-1c",
                            "backup_retention_period": "7",
                            "backup_window": "20:00-23:59",
                            "ca_cert_identifier": "rds-ca-2015",
                            "copy_tags_to_snapshot": "true",
                            "db_subnet_group_name": "main",
                            "deletion_protection": "false",
                            "domain": "",
                            "domain_iam_role_name": "",
                            "enabled_cloudwatch_logs_exports.#": "0",
                            "endpoint": "mysql-db.chkav2tuggz0.eu-west-1.rds.amazonaws.com:3306",
                            "engine": "mysql",
                            "engine_version": "5.7.23",
                            "hosted_zone_id": "Z29XKXDKYMONMX",
                            "iam_database_authentication_enabled": "false",
                            "id": "mysql-db",
                            "identifier": "mysql-db",
                            "instance_class": "db.t2.medium",
                            "iops": "0",
                            "kms_key_id": "",
                            "license_model": "general-public-license",
                            "maintenance_window": "sun:00:00-sun:03:00",
                            "monitoring_interval": "0",
                            "multi_az": "false",
                            "name": "myex_mydb",
                            "option_group_name": "default:mysql-5-7",
                            "parameter_group_name": "default.mysql5.7",
                            "password": "cDeErsOl86beK6GQCV",
                            "port": "3306",
                            "publicly_accessible": "false",
                            "replicas.#": "0",
                            "replicate_source_db": "",
                            "resource_id": "db-QYSVUPF246VBYQIQ3EV72MO7UE",
                            "security_group_names.#": "0",
                            "skip_final_snapshot": "true",
                            "status": "available",
                            "storage_encrypted": "false",
                            "storage_type": "gp2",
                            "tags.%": "1",
                            "tags.Name": "mysql-db",
                            "timezone": "",
                            "username": "myex_dbadm",
                            "vpc_security_group_ids.#": "1",
                            "vpc_security_group_ids.1228267890": "sg-002c134cd67da261d"
                        },
                        "meta": {
                            "e2bfb730-ecaa-11e6-8f88-34363bc7c4c0": {
                                "create": 2400000000000,
                                "delete": 2400000000000,
                                "update": 4800000000000
                            }
                        },
                        "tainted": false
                    },
                    "deposed": [],
                    "provider": "provider.aws"
                },
                "aws_db_subnet_group.dbsubnet": {
                    "type": "aws_db_subnet_group",
                    "depends_on": [
                        "aws_subnet.private_db_subnet.*"
                    ],
                    "primary": {
                        "id": "main",
                        "attributes": {
                            "arn": "arn:aws:rds:eu-west-1:209211465600:subgrp:main",
                            "description": "Managed by Terraform",
                            "id": "main",
                            "name": "main",
                            "subnet_ids.#": "3",
                            "subnet_ids.2097790379": "subnet-0fb88bbc1faa26fed",
                            "subnet_ids.271412934": "subnet-03e9192af5b9a2d30",
                            "subnet_ids.3718185275": "subnet-0ad3aacf2fa4f825e",
                            "tags.%": "0"
                        },
                        "meta": {},
                        "tainted": false
                    },
                    "deposed": [],
                    "provider": "provider.aws"
                },
                "aws_default_route_table.default": {
                    "type": "aws_default_route_table",
                    "depends_on": [
                        "aws_internet_gateway.app_igw",
                        "aws_vpc.myrex_vpc"
                    ],
                    "primary": {
                        "id": "rtb-09edb3c8a71600f88",
                        "attributes": {
                            "default_route_table_id": "rtb-09edb3c8a71600f88",
                            "id": "rtb-09edb3c8a71600f88",
                            "owner_id": "209211465600",
                            "propagating_vgws.#": "0",
                            "route.#": "1",
                            "route.1540239638.cidr_block": "0.0.0.0/0",
                            "route.1540239638.egress_only_gateway_id": "",
                            "route.1540239638.gateway_id": "igw-0bdbfb8d84c702662",
                            "route.1540239638.instance_id": "",
                            "route.1540239638.ipv6_cidr_block": "",
                            "route.1540239638.nat_gateway_id": "",
                            "route.1540239638.network_interface_id": "",
                            "route.1540239638.transit_gateway_id": "",
                            "route.1540239638.vpc_peering_connection_id": "",
                            "tags.%": "0",
                            "vpc_id": "vpc-07d46a60316893056"
                        },
                        "meta": {},
                        "tainted": false
                    },
                    "deposed": [],
                    "provider": "provider.aws"
                },
                "aws_eip.bastion_eip": {
                    "type": "aws_eip",
                    "depends_on": [
                        "aws_internet_gateway.app_igw"
                    ],
                    "primary": {
                        "id": "eipalloc-01ea7d703be52138e",
                        "attributes": {
                            "association_id": "",
                            "domain": "vpc",
                            "id": "eipalloc-01ea7d703be52138e",
                            "instance": "",
                            "network_interface": "",
                            "private_ip": "",
                            "public_ip": "54.77.29.67",
                            "public_ipv4_pool": "amazon",
                            "tags.%": "1",
                            "tags.Name": "Bastion Host",
                            "vpc": "true"
                        },
                        "meta": {
                            "e2bfb730-ecaa-11e6-8f88-34363bc7c4c0": {
                                "delete": 180000000000,
                                "read": 900000000000,
                                "update": 300000000000
                            }
                        },
                        "tainted": false
                    },
                    "deposed": [],
                    "provider": "provider.aws"
                },
                "aws_eip_association.myapp_eip_assoc": {
                    "type": "aws_eip_association",
                    "depends_on": [
                        "aws_eip.bastion_eip",
                        "aws_instance.bastion"
                    ],
                    "primary": {
                        "id": "eipassoc-004dc211595f377a1",
                        "attributes": {
                            "allocation_id": "eipalloc-01ea7d703be52138e",
                            "id": "eipassoc-004dc211595f377a1",
                            "instance_id": "i-07379e2e860ea2b8c",
                            "network_interface_id": "eni-040d1822dfe702866",
                            "private_ip_address": "192.168.1.96",
                            "public_ip": "54.77.29.67"
                        },
                        "meta": {},
                        "tainted": false
                    },
                    "deposed": [],
                    "provider": "provider.aws"
                },
                "aws_instance.bastion": {
                    "type": "aws_instance",
                    "depends_on": [
                        "aws_key_pair.bastion_keypair",
                        "aws_security_group.allout",
                        "aws_security_group.allow-nat",
                        "aws_security_group.pub",
                        "aws_security_group.web-sec",
                        "aws_subnet.public_subnet.*",
                        "data.template_file.bastion_user_data"
                    ],
                    "primary": {
                        "id": "i-07379e2e860ea2b8c",
                        "attributes": {
                            "ami": "ami-00035f41c82244dab",
                            "arn": "arn:aws:ec2:eu-west-1:209211465600:instance/i-07379e2e860ea2b8c",
                            "associate_public_ip_address": "false",
                            "availability_zone": "eu-west-1a",
                            "cpu_core_count": "1",
                            "cpu_threads_per_core": "2",
                            "credit_specification.#": "1",
                            "credit_specification.0.cpu_credits": "unlimited",
                            "disable_api_termination": "false",
                            "ebs_block_device.#": "0",
                            "ebs_optimized": "false",
                            "ephemeral_block_device.#": "0",
                            "get_password_data": "false",
                            "iam_instance_profile": "",
                            "id": "i-07379e2e860ea2b8c",
                            "instance_state": "running",
                            "instance_type": "t3.micro",
                            "ipv6_addresses.#": "0",
                            "key_name": "web_app_kp",
                            "monitoring": "false",
                            "network_interface.#": "0",
                            "network_interface_id": "eni-040d1822dfe702866",
                            "password_data": "",
                            "placement_group": "",
                            "primary_network_interface_id": "eni-040d1822dfe702866",
                            "private_dns": "ip-192-168-1-96.eu-west-1.compute.internal",
                            "private_ip": "192.168.1.96",
                            "public_dns": "",
                            "public_ip": "",
                            "root_block_device.#": "1",
                            "root_block_device.0.delete_on_termination": "true",
                            "root_block_device.0.iops": "100",
                            "root_block_device.0.volume_id": "vol-0591ae0c96e07c446",
                            "root_block_device.0.volume_size": "8",
                            "root_block_device.0.volume_type": "gp2",
                            "security_groups.#": "0",
                            "source_dest_check": "false",
                            "subnet_id": "subnet-026df3e0afc528249",
                            "tags.%": "1",
                            "tags.Name": "Bastion Host",
                            "tenancy": "default",
                            "user_data": "6134b7705a69b1f86c33d850e32847d6c817911b",
                            "volume_tags.%": "0",
                            "vpc_security_group_ids.#": "4",
                            "vpc_security_group_ids.1135796556": "sg-095697cb64d9fd407",
                            "vpc_security_group_ids.2641796973": "sg-0876bc16be74d87c1",
                            "vpc_security_group_ids.3953592932": "sg-00ee769e843fe4905",
                            "vpc_security_group_ids.642581029": "sg-00211f46bc26a1b7d"
                        },
                        "meta": {
                            "e2bfb730-ecaa-11e6-8f88-34363bc7c4c0": {
                                "create": 600000000000,
                                "delete": 1200000000000,
                                "update": 600000000000
                            },
                            "schema_version": "1"
                        },
                        "tainted": false
                    },
                    "deposed": [],
                    "provider": "provider.aws"
                },
                "aws_internet_gateway.app_igw": {
                    "type": "aws_internet_gateway",
                    "depends_on": [
                        "aws_vpc.myrex_vpc"
                    ],
                    "primary": {
                        "id": "igw-0bdbfb8d84c702662",
                        "attributes": {
                            "id": "igw-0bdbfb8d84c702662",
                            "owner_id": "209211465600",
                            "tags.%": "0",
                            "vpc_id": "vpc-07d46a60316893056"
                        },
                        "meta": {},
                        "tainted": false
                    },
                    "deposed": [],
                    "provider": "provider.aws"
                },
                "aws_key_pair.app_keypair": {
                    "type": "aws_key_pair",
                    "depends_on": [],
                    "primary": {
                        "id": "app_public_key",
                        "attributes": {
                            "fingerprint": "b2:d6:f4:dd:58:91:88:5c:b5:dc:54:0d:d7:16:b7:a2",
                            "id": "app_public_key",
                            "key_name": "app_public_key",
                            "public_key": "ssh-rsa AAAAB3NzaC1yc2EAAAADAQABAAABAQDUF/2iDqW08GZFsmaHZmEzePOlLw5woioWpMPj4EU5dSbFesbEvgPYpECUNw35kUEMF2hvj1OloahwKbyFN1tE249B6/m4iFMMrWQssyOZAAF/NK1pFwykXvu72S1GSyrrWPN7cmCTlteykL1Vb3B59a+E9JL9kowBFSu1zyj50yWVetuAxS2sOwa/RmPQVC/z2NgAW5EbHCjVQCQHrHPjZMLbqYykrggKOSgsQvWZ0By7GIFpxTG3hqwFa7ZTIr2SLn6feSuzlHcgCKkYzvfZgDCLhbx1QuCm1BvCi+iurIIFSsf8t2atOhEbJwyilC+55/muhKzvzdr2VXFDeEKr"
                        },
                        "meta": {
                            "schema_version": "1"
                        },
                        "tainted": false
                    },
                    "deposed": [],
                    "provider": "provider.aws"
                },
                "aws_key_pair.bastion_keypair": {
                    "type": "aws_key_pair",
                    "depends_on": [],
                    "primary": {
                        "id": "web_app_kp",
                        "attributes": {
                            "fingerprint": "b2:d6:f4:dd:58:91:88:5c:b5:dc:54:0d:d7:16:b7:a2",
                            "id": "web_app_kp",
                            "key_name": "web_app_kp",
                            "public_key": "ssh-rsa AAAAB3NzaC1yc2EAAAADAQABAAABAQDUF/2iDqW08GZFsmaHZmEzePOlLw5woioWpMPj4EU5dSbFesbEvgPYpECUNw35kUEMF2hvj1OloahwKbyFN1tE249B6/m4iFMMrWQssyOZAAF/NK1pFwykXvu72S1GSyrrWPN7cmCTlteykL1Vb3B59a+E9JL9kowBFSu1zyj50yWVetuAxS2sOwa/RmPQVC/z2NgAW5EbHCjVQCQHrHPjZMLbqYykrggKOSgsQvWZ0By7GIFpxTG3hqwFa7ZTIr2SLn6feSuzlHcgCKkYzvfZgDCLhbx1QuCm1BvCi+iurIIFSsf8t2atOhEbJwyilC+55/muhKzvzdr2VXFDeEKr"
                        },
                        "meta": {
                            "schema_version": "1"
                        },
                        "tainted": false
                    },
                    "deposed": [],
                    "provider": "provider.aws"
                },
                "aws_key_pair.web_keypair": {
                    "type": "aws_key_pair",
                    "depends_on": [],
                    "primary": {
                        "id": "my_public_key",
                        "attributes": {
                            "fingerprint": "b2:d6:f4:dd:58:91:88:5c:b5:dc:54:0d:d7:16:b7:a2",
                            "id": "my_public_key",
                            "key_name": "my_public_key",
                            "public_key": "ssh-rsa AAAAB3NzaC1yc2EAAAADAQABAAABAQDUF/2iDqW08GZFsmaHZmEzePOlLw5woioWpMPj4EU5dSbFesbEvgPYpECUNw35kUEMF2hvj1OloahwKbyFN1tE249B6/m4iFMMrWQssyOZAAF/NK1pFwykXvu72S1GSyrrWPN7cmCTlteykL1Vb3B59a+E9JL9kowBFSu1zyj50yWVetuAxS2sOwa/RmPQVC/z2NgAW5EbHCjVQCQHrHPjZMLbqYykrggKOSgsQvWZ0By7GIFpxTG3hqwFa7ZTIr2SLn6feSuzlHcgCKkYzvfZgDCLhbx1QuCm1BvCi+iurIIFSsf8t2atOhEbJwyilC+55/muhKzvzdr2VXFDeEKr"
                        },
                        "meta": {
                            "schema_version": "1"
                        },
                        "tainted": false
                    },
                    "deposed": [],
                    "provider": "provider.aws"
                },
                "aws_launch_configuration.app_lc": {
                    "type": "aws_launch_configuration",
                    "depends_on": [
                        "aws_key_pair.app_keypair",
                        "aws_security_group.allout",
                        "aws_security_group.allow-nat",
                        "aws_security_group.web-sec",
                        "data.template_file.app_user_data"
                    ],
                    "primary": {
                        "id": "lc-apps-prod-20181212173056176700000001",
                        "attributes": {
                            "associate_public_ip_address": "false",
                            "ebs_block_device.#": "0",
                            "ebs_optimized": "false",
                            "enable_monitoring": "false",
                            "ephemeral_block_device.#": "0",
                            "iam_instance_profile": "",
                            "id": "lc-apps-prod-20181212173056176700000001",
                            "image_id": "ami-00035f41c82244dab",
                            "instance_type": "t3.micro",
                            "key_name": "app_public_key",
                            "name": "lc-apps-prod-20181212173056176700000001",
                            "name_prefix": "lc-apps-prod-",
                            "root_block_device.#": "0",
                            "security_groups.#": "3",
                            "security_groups.1135796556": "sg-095697cb64d9fd407",
                            "security_groups.2641796973": "sg-0876bc16be74d87c1",
                            "security_groups.3953592932": "sg-00ee769e843fe4905",
                            "spot_price": "",
                            "user_data": "da1a4cf650c7997f1ddd12411b1e08f93fdc7ad4",
                            "vpc_classic_link_id": "",
                            "vpc_classic_link_security_groups.#": "0"
                        },
                        "meta": {},
                        "tainted": false
                    },
                    "deposed": [],
                    "provider": "provider.aws"
                },
                "aws_launch_configuration.web_lc": {
                    "type": "aws_launch_configuration",
                    "depends_on": [
                        "aws_key_pair.web_keypair",
                        "aws_security_group.allout",
                        "aws_security_group.allow-nat",
                        "aws_security_group.web-sec",
                        "data.template_file.web_user_data"
                    ],
                    "primary": {
                        "id": "lc-web-prod-20181212173056176700000002",
                        "attributes": {
                            "associate_public_ip_address": "false",
                            "ebs_block_device.#": "0",
                            "ebs_optimized": "false",
                            "enable_monitoring": "false",
                            "ephemeral_block_device.#": "0",
                            "iam_instance_profile": "",
                            "id": "lc-web-prod-20181212173056176700000002",
                            "image_id": "ami-00035f41c82244dab",
                            "instance_type": "t3.micro",
                            "key_name": "my_public_key",
                            "name": "lc-web-prod-20181212173056176700000002",
                            "name_prefix": "lc-web-prod-",
                            "root_block_device.#": "0",
                            "security_groups.#": "3",
                            "security_groups.1135796556": "sg-095697cb64d9fd407",
                            "security_groups.2641796973": "sg-0876bc16be74d87c1",
                            "security_groups.3953592932": "sg-00ee769e843fe4905",
                            "spot_price": "",
                            "user_data": "aee1104a6746697561b9c8e689546a466cc27d2c",
                            "vpc_classic_link_id": "",
                            "vpc_classic_link_security_groups.#": "0"
                        },
                        "meta": {},
                        "tainted": false
                    },
                    "deposed": [],
                    "provider": "provider.aws"
                },
                "aws_lb.wlb": {
                    "type": "aws_lb",
                    "depends_on": [
                        "aws_security_group.WebLB-sec",
                        "aws_subnet.public_subnet.*"
                    ],
                    "primary": {
                        "id": "arn:aws:elasticloadbalancing:eu-west-1:209211465600:loadbalancer/app/alb-web-prod/905fdab291bb0ba6",
                        "attributes": {
                            "access_logs.#": "0",
                            "arn": "arn:aws:elasticloadbalancing:eu-west-1:209211465600:loadbalancer/app/alb-web-prod/905fdab291bb0ba6",
                            "arn_suffix": "app/alb-web-prod/905fdab291bb0ba6",
                            "dns_name": "alb-web-prod-1729065883.eu-west-1.elb.amazonaws.com",
                            "enable_deletion_protection": "false",
                            "enable_http2": "true",
                            "id": "arn:aws:elasticloadbalancing:eu-west-1:209211465600:loadbalancer/app/alb-web-prod/905fdab291bb0ba6",
                            "idle_timeout": "60",
                            "internal": "false",
                            "ip_address_type": "ipv4",
                            "load_balancer_type": "application",
                            "name": "alb-web-prod",
                            "security_groups.#": "1",
                            "security_groups.3700051897": "sg-029fd399de20516ca",
                            "subnet_mapping.#": "0",
                            "subnets.#": "3",
                            "subnets.135417214": "subnet-026df3e0afc528249",
                            "subnets.2133650636": "subnet-0088c313867e8129b",
                            "subnets.2148370863": "subnet-0b5d2b9f6e34102b7",
                            "tags.%": "0",
                            "vpc_id": "vpc-07d46a60316893056",
                            "zone_id": "Z32O12XQLNTSW2"
                        },
                        "meta": {
                            "e2bfb730-ecaa-11e6-8f88-34363bc7c4c0": {
                                "create": 600000000000,
                                "delete": 600000000000,
                                "update": 600000000000
                            }
                        },
                        "tainted": false
                    },
                    "deposed": [],
                    "provider": "provider.aws"
                },
                "aws_lb_listener.web_listener": {
                    "type": "aws_lb_listener",
                    "depends_on": [
                        "aws_lb.wlb",
                        "aws_lb_target_group.web_tg"
                    ],
                    "primary": {
                        "id": "arn:aws:elasticloadbalancing:eu-west-1:209211465600:listener/app/alb-web-prod/905fdab291bb0ba6/0e75d1ea0b9806ab",
                        "attributes": {
                            "arn": "arn:aws:elasticloadbalancing:eu-west-1:209211465600:listener/app/alb-web-prod/905fdab291bb0ba6/0e75d1ea0b9806ab",
                            "default_action.#": "1",
                            "default_action.0.authenticate_cognito.#": "0",
                            "default_action.0.authenticate_oidc.#": "0",
                            "default_action.0.fixed_response.#": "0",
                            "default_action.0.order": "1",
                            "default_action.0.redirect.#": "0",
                            "default_action.0.target_group_arn": "arn:aws:elasticloadbalancing:eu-west-1:209211465600:targetgroup/tg-web-prod/1d5986cbc886cf93",
                            "default_action.0.type": "forward",
                            "id": "arn:aws:elasticloadbalancing:eu-west-1:209211465600:listener/app/alb-web-prod/905fdab291bb0ba6/0e75d1ea0b9806ab",
                            "load_balancer_arn": "arn:aws:elasticloadbalancing:eu-west-1:209211465600:loadbalancer/app/alb-web-prod/905fdab291bb0ba6",
                            "port": "80",
                            "protocol": "HTTP",
                            "ssl_policy": ""
                        },
                        "meta": {
                            "e2bfb730-ecaa-11e6-8f88-34363bc7c4c0": {
                                "read": 600000000000
                            }
                        },
                        "tainted": false
                    },
                    "deposed": [],
                    "provider": "provider.aws"
                },
                "aws_lb_listener.web_listener_ssl": {
                    "type": "aws_lb_listener",
                    "depends_on": [
                        "aws_lb.wlb",
                        "aws_lb_target_group.web_tg"
                    ],
                    "primary": {
                        "id": "arn:aws:elasticloadbalancing:eu-west-1:209211465600:listener/app/alb-web-prod/905fdab291bb0ba6/06c2b7658bd3c668",
                        "attributes": {
                            "arn": "arn:aws:elasticloadbalancing:eu-west-1:209211465600:listener/app/alb-web-prod/905fdab291bb0ba6/06c2b7658bd3c668",
                            "certificate_arn": "arn:aws:acm:eu-west-1:209211465600:certificate/aca6ee1d-1207-440b-ba56-a32afffe2485",
                            "default_action.#": "1",
                            "default_action.0.authenticate_cognito.#": "0",
                            "default_action.0.authenticate_oidc.#": "0",
                            "default_action.0.fixed_response.#": "0",
                            "default_action.0.order": "1",
                            "default_action.0.redirect.#": "0",
                            "default_action.0.target_group_arn": "arn:aws:elasticloadbalancing:eu-west-1:209211465600:targetgroup/tg-web-prod/1d5986cbc886cf93",
                            "default_action.0.type": "forward",
                            "id": "arn:aws:elasticloadbalancing:eu-west-1:209211465600:listener/app/alb-web-prod/905fdab291bb0ba6/06c2b7658bd3c668",
                            "load_balancer_arn": "arn:aws:elasticloadbalancing:eu-west-1:209211465600:loadbalancer/app/alb-web-prod/905fdab291bb0ba6",
                            "port": "443",
                            "protocol": "HTTPS",
                            "ssl_policy": "ELBSecurityPolicy-TLS-1-2-Ext-2018-06"
                        },
                        "meta": {
                            "e2bfb730-ecaa-11e6-8f88-34363bc7c4c0": {
                                "read": 600000000000
                            }
                        },
                        "tainted": false
                    },
                    "deposed": [],
                    "provider": "provider.aws"
                },
                "aws_lb_listener_rule.app1_host_based_routing": {
                    "type": "aws_lb_listener_rule",
                    "depends_on": [
                        "aws_lb_listener.web_listener",
                        "aws_lb_target_group.app_tg"
                    ],
                    "primary": {
                        "id": "arn:aws:elasticloadbalancing:eu-west-1:209211465600:listener-rule/app/alb-web-prod/905fdab291bb0ba6/0e75d1ea0b9806ab/96a403714c7c8fd2",
                        "attributes": {
                            "action.#": "1",
                            "action.0.authenticate_cognito.#": "0",
                            "action.0.authenticate_oidc.#": "0",
                            "action.0.fixed_response.#": "0",
                            "action.0.order": "1",
                            "action.0.redirect.#": "0",
                            "action.0.target_group_arn": "arn:aws:elasticloadbalancing:eu-west-1:209211465600:targetgroup/tg-app-prod/120dbc5a1e856d23",
                            "action.0.type": "forward",
                            "arn": "arn:aws:elasticloadbalancing:eu-west-1:209211465600:listener-rule/app/alb-web-prod/905fdab291bb0ba6/0e75d1ea0b9806ab/96a403714c7c8fd2",
                            "condition.#": "1",
                            "condition.2740057051.field": "host-header",
                            "condition.2740057051.values.#": "1",
                            "condition.2740057051.values.0": "aws1.khushal.com",
                            "id": "arn:aws:elasticloadbalancing:eu-west-1:209211465600:listener-rule/app/alb-web-prod/905fdab291bb0ba6/0e75d1ea0b9806ab/96a403714c7c8fd2",
                            "listener_arn": "arn:aws:elasticloadbalancing:eu-west-1:209211465600:listener/app/alb-web-prod/905fdab291bb0ba6/0e75d1ea0b9806ab",
                            "priority": "98"
                        },
                        "meta": {},
                        "tainted": false
                    },
                    "deposed": [],
                    "provider": "provider.aws"
                },
                "aws_lb_listener_rule.app2_host_based_routing": {
                    "type": "aws_lb_listener_rule",
                    "depends_on": [
                        "aws_lb_listener.web_listener",
                        "aws_lb_target_group.app_tg"
                    ],
                    "primary": {
                        "id": "arn:aws:elasticloadbalancing:eu-west-1:209211465600:listener-rule/app/alb-web-prod/905fdab291bb0ba6/0e75d1ea0b9806ab/ed17ef7a87721d8f",
                        "attributes": {
                            "action.#": "1",
                            "action.0.authenticate_cognito.#": "0",
                            "action.0.authenticate_oidc.#": "0",
                            "action.0.fixed_response.#": "0",
                            "action.0.order": "1",
                            "action.0.redirect.#": "0",
                            "action.0.target_group_arn": "arn:aws:elasticloadbalancing:eu-west-1:209211465600:targetgroup/tg-app-prod/120dbc5a1e856d23",
                            "action.0.type": "forward",
                            "arn": "arn:aws:elasticloadbalancing:eu-west-1:209211465600:listener-rule/app/alb-web-prod/905fdab291bb0ba6/0e75d1ea0b9806ab/ed17ef7a87721d8f",
                            "condition.#": "1",
                            "condition.2325301033.field": "host-header",
                            "condition.2325301033.values.#": "1",
                            "condition.2325301033.values.0": "aws2.khushal.com",
                            "id": "arn:aws:elasticloadbalancing:eu-west-1:209211465600:listener-rule/app/alb-web-prod/905fdab291bb0ba6/0e75d1ea0b9806ab/ed17ef7a87721d8f",
                            "listener_arn": "arn:aws:elasticloadbalancing:eu-west-1:209211465600:listener/app/alb-web-prod/905fdab291bb0ba6/0e75d1ea0b9806ab",
                            "priority": "99"
                        },
                        "meta": {},
                        "tainted": false
                    },
                    "deposed": [],
                    "provider": "provider.aws"
                },
                "aws_lb_listener_rule.sslapp1_host_based_routing": {
                    "type": "aws_lb_listener_rule",
                    "depends_on": [
                        "aws_lb_listener.web_listener_ssl",
                        "aws_lb_target_group.app_tg"
                    ],
                    "primary": {
                        "id": "arn:aws:elasticloadbalancing:eu-west-1:209211465600:listener-rule/app/alb-web-prod/905fdab291bb0ba6/06c2b7658bd3c668/ebc212dfa35d1c59",
                        "attributes": {
                            "action.#": "1",
                            "action.0.authenticate_cognito.#": "0",
                            "action.0.authenticate_oidc.#": "0",
                            "action.0.fixed_response.#": "0",
                            "action.0.order": "1",
                            "action.0.redirect.#": "0",
                            "action.0.target_group_arn": "arn:aws:elasticloadbalancing:eu-west-1:209211465600:targetgroup/tg-app-prod/120dbc5a1e856d23",
                            "action.0.type": "forward",
                            "arn": "arn:aws:elasticloadbalancing:eu-west-1:209211465600:listener-rule/app/alb-web-prod/905fdab291bb0ba6/06c2b7658bd3c668/ebc212dfa35d1c59",
                            "condition.#": "1",
                            "condition.2740057051.field": "host-header",
                            "condition.2740057051.values.#": "1",
                            "condition.2740057051.values.0": "aws1.khushal.com",
                            "id": "arn:aws:elasticloadbalancing:eu-west-1:209211465600:listener-rule/app/alb-web-prod/905fdab291bb0ba6/06c2b7658bd3c668/ebc212dfa35d1c59",
                            "listener_arn": "arn:aws:elasticloadbalancing:eu-west-1:209211465600:listener/app/alb-web-prod/905fdab291bb0ba6/06c2b7658bd3c668",
                            "priority": "98"
                        },
                        "meta": {},
                        "tainted": false
                    },
                    "deposed": [],
                    "provider": "provider.aws"
                },
                "aws_lb_listener_rule.sslapp2_host_based_routing": {
                    "type": "aws_lb_listener_rule",
                    "depends_on": [
                        "aws_lb_listener.web_listener_ssl",
                        "aws_lb_target_group.app_tg"
                    ],
                    "primary": {
                        "id": "arn:aws:elasticloadbalancing:eu-west-1:209211465600:listener-rule/app/alb-web-prod/905fdab291bb0ba6/06c2b7658bd3c668/4659de7aaeca331e",
                        "attributes": {
                            "action.#": "1",
                            "action.0.authenticate_cognito.#": "0",
                            "action.0.authenticate_oidc.#": "0",
                            "action.0.fixed_response.#": "0",
                            "action.0.order": "1",
                            "action.0.redirect.#": "0",
                            "action.0.target_group_arn": "arn:aws:elasticloadbalancing:eu-west-1:209211465600:targetgroup/tg-app-prod/120dbc5a1e856d23",
                            "action.0.type": "forward",
                            "arn": "arn:aws:elasticloadbalancing:eu-west-1:209211465600:listener-rule/app/alb-web-prod/905fdab291bb0ba6/06c2b7658bd3c668/4659de7aaeca331e",
                            "condition.#": "1",
                            "condition.2325301033.field": "host-header",
                            "condition.2325301033.values.#": "1",
                            "condition.2325301033.values.0": "aws2.khushal.com",
                            "id": "arn:aws:elasticloadbalancing:eu-west-1:209211465600:listener-rule/app/alb-web-prod/905fdab291bb0ba6/06c2b7658bd3c668/4659de7aaeca331e",
                            "listener_arn": "arn:aws:elasticloadbalancing:eu-west-1:209211465600:listener/app/alb-web-prod/905fdab291bb0ba6/06c2b7658bd3c668",
                            "priority": "99"
                        },
                        "meta": {},
                        "tainted": false
                    },
                    "deposed": [],
                    "provider": "provider.aws"
                },
                "aws_lb_target_group.app_tg": {
                    "type": "aws_lb_target_group",
                    "depends_on": [
                        "aws_vpc.myrex_vpc"
                    ],
                    "primary": {
                        "id": "arn:aws:elasticloadbalancing:eu-west-1:209211465600:targetgroup/tg-app-prod/120dbc5a1e856d23",
                        "attributes": {
                            "arn": "arn:aws:elasticloadbalancing:eu-west-1:209211465600:targetgroup/tg-app-prod/120dbc5a1e856d23",
                            "arn_suffix": "targetgroup/tg-app-prod/120dbc5a1e856d23",
                            "deregistration_delay": "300",
                            "health_check.#": "1",
                            "health_check.0.healthy_threshold": "2",
                            "health_check.0.interval": "30",
                            "health_check.0.matcher": "200",
                            "health_check.0.path": "/elb-heartbeat.php",
                            "health_check.0.port": "traffic-port",
                            "health_check.0.protocol": "HTTP",
                            "health_check.0.timeout": "20",
                            "health_check.0.unhealthy_threshold": "5",
                            "id": "arn:aws:elasticloadbalancing:eu-west-1:209211465600:targetgroup/tg-app-prod/120dbc5a1e856d23",
                            "name": "tg-app-prod",
                            "port": "80",
                            "protocol": "HTTP",
                            "proxy_protocol_v2": "false",
                            "slow_start": "0",
                            "stickiness.#": "1",
                            "stickiness.0.cookie_duration": "86400",
                            "stickiness.0.enabled": "false",
                            "stickiness.0.type": "lb_cookie",
                            "tags.%": "0",
                            "target_type": "instance",
                            "vpc_id": "vpc-07d46a60316893056"
                        },
                        "meta": {},
                        "tainted": false
                    },
                    "deposed": [],
                    "provider": "provider.aws"
                },
                "aws_lb_target_group.web_tg": {
                    "type": "aws_lb_target_group",
                    "depends_on": [
                        "aws_vpc.myrex_vpc"
                    ],
                    "primary": {
                        "id": "arn:aws:elasticloadbalancing:eu-west-1:209211465600:targetgroup/tg-web-prod/1d5986cbc886cf93",
                        "attributes": {
                            "arn": "arn:aws:elasticloadbalancing:eu-west-1:209211465600:targetgroup/tg-web-prod/1d5986cbc886cf93",
                            "arn_suffix": "targetgroup/tg-web-prod/1d5986cbc886cf93",
                            "deregistration_delay": "300",
                            "health_check.#": "1",
                            "health_check.0.healthy_threshold": "2",
                            "health_check.0.interval": "30",
                            "health_check.0.matcher": "200",
                            "health_check.0.path": "/elb-heartbeat.php",
                            "health_check.0.port": "traffic-port",
                            "health_check.0.protocol": "HTTP",
                            "health_check.0.timeout": "20",
                            "health_check.0.unhealthy_threshold": "5",
                            "id": "arn:aws:elasticloadbalancing:eu-west-1:209211465600:targetgroup/tg-web-prod/1d5986cbc886cf93",
                            "name": "tg-web-prod",
                            "port": "80",
                            "protocol": "HTTP",
                            "proxy_protocol_v2": "false",
                            "slow_start": "0",
                            "stickiness.#": "1",
                            "stickiness.0.cookie_duration": "86400",
                            "stickiness.0.enabled": "false",
                            "stickiness.0.type": "lb_cookie",
                            "tags.%": "0",
                            "target_type": "instance",
                            "vpc_id": "vpc-07d46a60316893056"
                        },
                        "meta": {},
                        "tainted": false
                    },
                    "deposed": [],
                    "provider": "provider.aws"
                },
                "aws_route_table.private": {
                    "type": "aws_route_table",
                    "depends_on": [
                        "aws_instance.bastion",
                        "aws_vpc.myrex_vpc"
                    ],
                    "primary": {
                        "id": "rtb-00323af2d1cb93556",
                        "attributes": {
                            "id": "rtb-00323af2d1cb93556",
                            "owner_id": "209211465600",
                            "propagating_vgws.#": "0",
                            "route.#": "1",
                            "route.2035371720.cidr_block": "0.0.0.0/0",
                            "route.2035371720.egress_only_gateway_id": "",
                            "route.2035371720.gateway_id": "",
                            "route.2035371720.instance_id": "i-07379e2e860ea2b8c",
                            "route.2035371720.ipv6_cidr_block": "",
                            "route.2035371720.nat_gateway_id": "",
                            "route.2035371720.network_interface_id": "eni-040d1822dfe702866",
                            "route.2035371720.transit_gateway_id": "",
                            "route.2035371720.vpc_peering_connection_id": "",
                            "tags.%": "1",
                            "tags.Name": "Private",
                            "vpc_id": "vpc-07d46a60316893056"
                        },
                        "meta": {},
                        "tainted": false
                    },
                    "deposed": [],
                    "provider": "provider.aws"
                },
                "aws_route_table_association.private-app.0": {
                    "type": "aws_route_table_association",
                    "depends_on": [
                        "aws_route_table.private",
                        "aws_subnet.private_app_subnet.*"
                    ],
                    "primary": {
                        "id": "rtbassoc-0a350331937fcdc24",
                        "attributes": {
                            "id": "rtbassoc-0a350331937fcdc24",
                            "route_table_id": "rtb-00323af2d1cb93556",
                            "subnet_id": "subnet-0885a4305fcb16e99"
                        },
                        "meta": {},
                        "tainted": false
                    },
                    "deposed": [],
                    "provider": "provider.aws"
                },
                "aws_route_table_association.private-app.1": {
                    "type": "aws_route_table_association",
                    "depends_on": [
                        "aws_route_table.private",
                        "aws_subnet.private_app_subnet.*"
                    ],
                    "primary": {
                        "id": "rtbassoc-0b5a0048dbeb38205",
                        "attributes": {
                            "id": "rtbassoc-0b5a0048dbeb38205",
                            "route_table_id": "rtb-00323af2d1cb93556",
                            "subnet_id": "subnet-07241018cf3b814c4"
                        },
                        "meta": {},
                        "tainted": false
                    },
                    "deposed": [],
                    "provider": "provider.aws"
                },
                "aws_route_table_association.private-app.2": {
                    "type": "aws_route_table_association",
                    "depends_on": [
                        "aws_route_table.private",
                        "aws_subnet.private_app_subnet.*"
                    ],
                    "primary": {
                        "id": "rtbassoc-017aadd9024f07b51",
                        "attributes": {
                            "id": "rtbassoc-017aadd9024f07b51",
                            "route_table_id": "rtb-00323af2d1cb93556",
                            "subnet_id": "subnet-0181035aa9d2e43c0"
                        },
                        "meta": {},
                        "tainted": false
                    },
                    "deposed": [],
                    "provider": "provider.aws"
                },
                "aws_route_table_association.public-web.0": {
                    "type": "aws_route_table_association",
                    "depends_on": [
                        "aws_route_table.private",
                        "aws_subnet.public_web_subnet.*"
                    ],
                    "primary": {
                        "id": "rtbassoc-058c3225db1af57cc",
                        "attributes": {
                            "id": "rtbassoc-058c3225db1af57cc",
                            "route_table_id": "rtb-00323af2d1cb93556",
                            "subnet_id": "subnet-06d321e28f1339b9c"
                        },
                        "meta": {},
                        "tainted": false
                    },
                    "deposed": [],
                    "provider": "provider.aws"
                },
                "aws_route_table_association.public-web.1": {
                    "type": "aws_route_table_association",
                    "depends_on": [
                        "aws_route_table.private",
                        "aws_subnet.public_web_subnet.*"
                    ],
                    "primary": {
                        "id": "rtbassoc-02e27d1f66e36c069",
                        "attributes": {
                            "id": "rtbassoc-02e27d1f66e36c069",
                            "route_table_id": "rtb-00323af2d1cb93556",
                            "subnet_id": "subnet-016a3c1f7cbb308f4"
                        },
                        "meta": {},
                        "tainted": false
                    },
                    "deposed": [],
                    "provider": "provider.aws"
                },
                "aws_route_table_association.public-web.2": {
                    "type": "aws_route_table_association",
                    "depends_on": [
                        "aws_route_table.private",
                        "aws_subnet.public_web_subnet.*"
                    ],
                    "primary": {
                        "id": "rtbassoc-05e13c46833791a56",
                        "attributes": {
                            "id": "rtbassoc-05e13c46833791a56",
                            "route_table_id": "rtb-00323af2d1cb93556",
                            "subnet_id": "subnet-036fb12dac8674dab"
                        },
                        "meta": {},
                        "tainted": false
                    },
                    "deposed": [],
                    "provider": "provider.aws"
                },
                "aws_route_table_association.public.0": {
                    "type": "aws_route_table_association",
                    "depends_on": [
                        "aws_default_route_table.default",
                        "aws_subnet.public_subnet.*"
                    ],
                    "primary": {
                        "id": "rtbassoc-008b25d944f3fd875",
                        "attributes": {
                            "id": "rtbassoc-008b25d944f3fd875",
                            "route_table_id": "rtb-09edb3c8a71600f88",
                            "subnet_id": "subnet-026df3e0afc528249"
                        },
                        "meta": {},
                        "tainted": false
                    },
                    "deposed": [],
                    "provider": "provider.aws"
                },
                "aws_route_table_association.public.1": {
                    "type": "aws_route_table_association",
                    "depends_on": [
                        "aws_default_route_table.default",
                        "aws_subnet.public_subnet.*"
                    ],
                    "primary": {
                        "id": "rtbassoc-04d03e70f62891d5d",
                        "attributes": {
                            "id": "rtbassoc-04d03e70f62891d5d",
                            "route_table_id": "rtb-09edb3c8a71600f88",
                            "subnet_id": "subnet-0b5d2b9f6e34102b7"
                        },
                        "meta": {},
                        "tainted": false
                    },
                    "deposed": [],
                    "provider": "provider.aws"
                },
                "aws_route_table_association.public.2": {
                    "type": "aws_route_table_association",
                    "depends_on": [
                        "aws_default_route_table.default",
                        "aws_subnet.public_subnet.*"
                    ],
                    "primary": {
                        "id": "rtbassoc-0e3486be855cf3a8e",
                        "attributes": {
                            "id": "rtbassoc-0e3486be855cf3a8e",
                            "route_table_id": "rtb-09edb3c8a71600f88",
                            "subnet_id": "subnet-0088c313867e8129b"
                        },
                        "meta": {},
                        "tainted": false
                    },
                    "deposed": [],
                    "provider": "provider.aws"
                },
                "aws_security_group.AppLB-sec": {
                    "type": "aws_security_group",
                    "depends_on": [
                        "aws_vpc.myrex_vpc"
                    ],
                    "primary": {
                        "id": "sg-09a68b861de2872ff",
                        "attributes": {
                            "arn": "arn:aws:ec2:eu-west-1:209211465600:security-group/sg-09a68b861de2872ff",
                            "description": "Managed by Terraform",
                            "egress.#": "1",
                            "egress.482069346.cidr_blocks.#": "1",
                            "egress.482069346.cidr_blocks.0": "0.0.0.0/0",
                            "egress.482069346.description": "",
                            "egress.482069346.from_port": "0",
                            "egress.482069346.ipv6_cidr_blocks.#": "0",
                            "egress.482069346.prefix_list_ids.#": "0",
                            "egress.482069346.protocol": "-1",
                            "egress.482069346.security_groups.#": "0",
                            "egress.482069346.self": "false",
                            "egress.482069346.to_port": "0",
                            "id": "sg-09a68b861de2872ff",
                            "ingress.#": "3",
                            "ingress.2214680975.cidr_blocks.#": "1",
                            "ingress.2214680975.cidr_blocks.0": "0.0.0.0/0",
                            "ingress.2214680975.description": "",
                            "ingress.2214680975.from_port": "80",
                            "ingress.2214680975.ipv6_cidr_blocks.#": "0",
                            "ingress.2214680975.prefix_list_ids.#": "0",
                            "ingress.2214680975.protocol": "tcp",
                            "ingress.2214680975.security_groups.#": "0",
                            "ingress.2214680975.self": "false",
                            "ingress.2214680975.to_port": "80",
                            "ingress.2617001939.cidr_blocks.#": "1",
                            "ingress.2617001939.cidr_blocks.0": "0.0.0.0/0",
                            "ingress.2617001939.description": "",
                            "ingress.2617001939.from_port": "443",
                            "ingress.2617001939.ipv6_cidr_blocks.#": "0",
                            "ingress.2617001939.prefix_list_ids.#": "0",
                            "ingress.2617001939.protocol": "tcp",
                            "ingress.2617001939.security_groups.#": "0",
                            "ingress.2617001939.self": "false",
                            "ingress.2617001939.to_port": "443",
                            "ingress.3068409405.cidr_blocks.#": "1",
                            "ingress.3068409405.cidr_blocks.0": "0.0.0.0/0",
                            "ingress.3068409405.description": "",
                            "ingress.3068409405.from_port": "8",
                            "ingress.3068409405.ipv6_cidr_blocks.#": "0",
                            "ingress.3068409405.prefix_list_ids.#": "0",
                            "ingress.3068409405.protocol": "icmp",
                            "ingress.3068409405.security_groups.#": "0",
                            "ingress.3068409405.self": "false",
                            "ingress.3068409405.to_port": "0",
                            "name": "applb-secgroup",
                            "owner_id": "209211465600",
                            "revoke_rules_on_delete": "false",
                            "tags.%": "0",
                            "vpc_id": "vpc-07d46a60316893056"
                        },
                        "meta": {
                            "e2bfb730-ecaa-11e6-8f88-34363bc7c4c0": {
                                "create": 600000000000,
                                "delete": 600000000000
                            },
                            "schema_version": "1"
                        },
                        "tainted": false
                    },
                    "deposed": [],
                    "provider": "provider.aws"
                },
                "aws_security_group.WebLB-sec": {
                    "type": "aws_security_group",
                    "depends_on": [
                        "aws_vpc.myrex_vpc"
                    ],
                    "primary": {
                        "id": "sg-029fd399de20516ca",
                        "attributes": {
                            "arn": "arn:aws:ec2:eu-west-1:209211465600:security-group/sg-029fd399de20516ca",
                            "description": "Managed by Terraform",
                            "egress.#": "1",
                            "egress.482069346.cidr_blocks.#": "1",
                            "egress.482069346.cidr_blocks.0": "0.0.0.0/0",
                            "egress.482069346.description": "",
                            "egress.482069346.from_port": "0",
                            "egress.482069346.ipv6_cidr_blocks.#": "0",
                            "egress.482069346.prefix_list_ids.#": "0",
                            "egress.482069346.protocol": "-1",
                            "egress.482069346.security_groups.#": "0",
                            "egress.482069346.self": "false",
                            "egress.482069346.to_port": "0",
                            "id": "sg-029fd399de20516ca",
                            "ingress.#": "3",
                            "ingress.2214680975.cidr_blocks.#": "1",
                            "ingress.2214680975.cidr_blocks.0": "0.0.0.0/0",
                            "ingress.2214680975.description": "",
                            "ingress.2214680975.from_port": "80",
                            "ingress.2214680975.ipv6_cidr_blocks.#": "0",
                            "ingress.2214680975.prefix_list_ids.#": "0",
                            "ingress.2214680975.protocol": "tcp",
                            "ingress.2214680975.security_groups.#": "0",
                            "ingress.2214680975.self": "false",
                            "ingress.2214680975.to_port": "80",
                            "ingress.2617001939.cidr_blocks.#": "1",
                            "ingress.2617001939.cidr_blocks.0": "0.0.0.0/0",
                            "ingress.2617001939.description": "",
                            "ingress.2617001939.from_port": "443",
                            "ingress.2617001939.ipv6_cidr_blocks.#": "0",
                            "ingress.2617001939.prefix_list_ids.#": "0",
                            "ingress.2617001939.protocol": "tcp",
                            "ingress.2617001939.security_groups.#": "0",
                            "ingress.2617001939.self": "false",
                            "ingress.2617001939.to_port": "443",
                            "ingress.3068409405.cidr_blocks.#": "1",
                            "ingress.3068409405.cidr_blocks.0": "0.0.0.0/0",
                            "ingress.3068409405.description": "",
                            "ingress.3068409405.from_port": "8",
                            "ingress.3068409405.ipv6_cidr_blocks.#": "0",
                            "ingress.3068409405.prefix_list_ids.#": "0",
                            "ingress.3068409405.protocol": "icmp",
                            "ingress.3068409405.security_groups.#": "0",
                            "ingress.3068409405.self": "false",
                            "ingress.3068409405.to_port": "0",
                            "name": "weblb-secgroup",
                            "owner_id": "209211465600",
                            "revoke_rules_on_delete": "false",
                            "tags.%": "0",
                            "vpc_id": "vpc-07d46a60316893056"
                        },
                        "meta": {
                            "e2bfb730-ecaa-11e6-8f88-34363bc7c4c0": {
                                "create": 600000000000,
                                "delete": 600000000000
                            },
                            "schema_version": "1"
                        },
                        "tainted": false
                    },
                    "deposed": [],
                    "provider": "provider.aws"
                },
                "aws_security_group.allout": {
                    "type": "aws_security_group",
                    "depends_on": [
                        "aws_vpc.myrex_vpc"
                    ],
                    "primary": {
                        "id": "sg-095697cb64d9fd407",
                        "attributes": {
                            "arn": "arn:aws:ec2:eu-west-1:209211465600:security-group/sg-095697cb64d9fd407",
                            "description": "Managed by Terraform",
                            "egress.#": "1",
                            "egress.482069346.cidr_blocks.#": "1",
                            "egress.482069346.cidr_blocks.0": "0.0.0.0/0",
                            "egress.482069346.description": "",
                            "egress.482069346.from_port": "0",
                            "egress.482069346.ipv6_cidr_blocks.#": "0",
                            "egress.482069346.prefix_list_ids.#": "0",
                            "egress.482069346.protocol": "-1",
                            "egress.482069346.security_groups.#": "0",
                            "egress.482069346.self": "false",
                            "egress.482069346.to_port": "0",
                            "id": "sg-095697cb64d9fd407",
                            "ingress.#": "0",
                            "name": "allout-secgroup",
                            "owner_id": "209211465600",
                            "revoke_rules_on_delete": "false",
                            "tags.%": "0",
                            "vpc_id": "vpc-07d46a60316893056"
                        },
                        "meta": {
                            "e2bfb730-ecaa-11e6-8f88-34363bc7c4c0": {
                                "create": 600000000000,
                                "delete": 600000000000
                            },
                            "schema_version": "1"
                        },
                        "tainted": false
                    },
                    "deposed": [],
                    "provider": "provider.aws"
                },
                "aws_security_group.allow-nat": {
                    "type": "aws_security_group",
                    "depends_on": [
                        "aws_vpc.myrex_vpc"
                    ],
                    "primary": {
                        "id": "sg-0876bc16be74d87c1",
                        "attributes": {
                            "arn": "arn:aws:ec2:eu-west-1:209211465600:security-group/sg-0876bc16be74d87c1",
                            "description": "Managed by Terraform",
                            "egress.#": "0",
                            "id": "sg-0876bc16be74d87c1",
                            "ingress.#": "1",
                            "ingress.753360330.cidr_blocks.#": "0",
                            "ingress.753360330.description": "",
                            "ingress.753360330.from_port": "0",
                            "ingress.753360330.ipv6_cidr_blocks.#": "0",
                            "ingress.753360330.prefix_list_ids.#": "0",
                            "ingress.753360330.protocol": "-1",
                            "ingress.753360330.security_groups.#": "0",
                            "ingress.753360330.self": "true",
                            "ingress.753360330.to_port": "0",
                            "name": "allow-nat",
                            "owner_id": "209211465600",
                            "revoke_rules_on_delete": "false",
                            "tags.%": "0",
                            "vpc_id": "vpc-07d46a60316893056"
                        },
                        "meta": {
                            "e2bfb730-ecaa-11e6-8f88-34363bc7c4c0": {
                                "create": 600000000000,
                                "delete": 600000000000
                            },
                            "schema_version": "1"
                        },
                        "tainted": false
                    },
                    "deposed": [],
                    "provider": "provider.aws"
                },
                "aws_security_group.app-sec": {
                    "type": "aws_security_group",
                    "depends_on": [
                        "aws_vpc.myrex_vpc"
                    ],
                    "primary": {
                        "id": "sg-0b67f9ae417520a27",
                        "attributes": {
                            "arn": "arn:aws:ec2:eu-west-1:209211465600:security-group/sg-0b67f9ae417520a27",
                            "description": "Managed by Terraform",
                            "egress.#": "1",
                            "egress.482069346.cidr_blocks.#": "1",
                            "egress.482069346.cidr_blocks.0": "0.0.0.0/0",
                            "egress.482069346.description": "",
                            "egress.482069346.from_port": "0",
                            "egress.482069346.ipv6_cidr_blocks.#": "0",
                            "egress.482069346.prefix_list_ids.#": "0",
                            "egress.482069346.protocol": "-1",
                            "egress.482069346.security_groups.#": "0",
                            "egress.482069346.self": "false",
                            "egress.482069346.to_port": "0",
                            "id": "sg-0b67f9ae417520a27",
                            "ingress.#": "3",
                            "ingress.1927567964.cidr_blocks.#": "0",
                            "ingress.1927567964.description": "",
                            "ingress.1927567964.from_port": "8",
                            "ingress.1927567964.ipv6_cidr_blocks.#": "0",
                            "ingress.1927567964.prefix_list_ids.#": "0",
                            "ingress.1927567964.protocol": "icmp",
                            "ingress.1927567964.security_groups.#": "0",
                            "ingress.1927567964.self": "true",
                            "ingress.1927567964.to_port": "0",
                            "ingress.2911034399.cidr_blocks.#": "0",
                            "ingress.2911034399.description": "",
                            "ingress.2911034399.from_port": "7272",
                            "ingress.2911034399.ipv6_cidr_blocks.#": "0",
                            "ingress.2911034399.prefix_list_ids.#": "0",
                            "ingress.2911034399.protocol": "tcp",
                            "ingress.2911034399.security_groups.#": "0",
                            "ingress.2911034399.self": "true",
                            "ingress.2911034399.to_port": "7272",
                            "ingress.3949211785.cidr_blocks.#": "0",
                            "ingress.3949211785.description": "",
                            "ingress.3949211785.from_port": "3000",
                            "ingress.3949211785.ipv6_cidr_blocks.#": "0",
                            "ingress.3949211785.prefix_list_ids.#": "0",
                            "ingress.3949211785.protocol": "tcp",
                            "ingress.3949211785.security_groups.#": "0",
                            "ingress.3949211785.self": "true",
                            "ingress.3949211785.to_port": "3002",
                            "name": "appserver-secgroup",
                            "owner_id": "209211465600",
                            "revoke_rules_on_delete": "false",
                            "tags.%": "0",
                            "vpc_id": "vpc-07d46a60316893056"
                        },
                        "meta": {
                            "e2bfb730-ecaa-11e6-8f88-34363bc7c4c0": {
                                "create": 600000000000,
                                "delete": 600000000000
                            },
                            "schema_version": "1"
                        },
                        "tainted": false
                    },
                    "deposed": [],
                    "provider": "provider.aws"
                },
                "aws_security_group.db": {
                    "type": "aws_security_group",
                    "depends_on": [
                        "aws_vpc.myrex_vpc"
                    ],
                    "primary": {
                        "id": "sg-002c134cd67da261d",
                        "attributes": {
                            "arn": "arn:aws:ec2:eu-west-1:209211465600:security-group/sg-002c134cd67da261d",
                            "description": "Managed by Terraform",
                            "egress.#": "1",
                            "egress.482069346.cidr_blocks.#": "1",
                            "egress.482069346.cidr_blocks.0": "0.0.0.0/0",
                            "egress.482069346.description": "",
                            "egress.482069346.from_port": "0",
                            "egress.482069346.ipv6_cidr_blocks.#": "0",
                            "egress.482069346.prefix_list_ids.#": "0",
                            "egress.482069346.protocol": "-1",
                            "egress.482069346.security_groups.#": "0",
                            "egress.482069346.self": "false",
                            "egress.482069346.to_port": "0",
                            "id": "sg-002c134cd67da261d",
                            "ingress.#": "1",
                            "ingress.1600166723.cidr_blocks.#": "0",
                            "ingress.1600166723.description": "",
                            "ingress.1600166723.from_port": "3306",
                            "ingress.1600166723.ipv6_cidr_blocks.#": "0",
                            "ingress.1600166723.prefix_list_ids.#": "0",
                            "ingress.1600166723.protocol": "tcp",
                            "ingress.1600166723.security_groups.#": "0",
                            "ingress.1600166723.self": "true",
                            "ingress.1600166723.to_port": "3306",
                            "name": "db-secgroup",
                            "owner_id": "209211465600",
                            "revoke_rules_on_delete": "false",
                            "tags.%": "0",
                            "vpc_id": "vpc-07d46a60316893056"
                        },
                        "meta": {
                            "e2bfb730-ecaa-11e6-8f88-34363bc7c4c0": {
                                "create": 600000000000,
                                "delete": 600000000000
                            },
                            "schema_version": "1"
                        },
                        "tainted": false
                    },
                    "deposed": [],
                    "provider": "provider.aws"
                },
                "aws_security_group.pub": {
                    "type": "aws_security_group",
                    "depends_on": [
                        "aws_vpc.myrex_vpc"
                    ],
                    "primary": {
                        "id": "sg-00211f46bc26a1b7d",
                        "attributes": {
                            "arn": "arn:aws:ec2:eu-west-1:209211465600:security-group/sg-00211f46bc26a1b7d",
                            "description": "Managed by Terraform",
                            "egress.#": "0",
                            "id": "sg-00211f46bc26a1b7d",
                            "ingress.#": "2",
                            "ingress.3068409405.cidr_blocks.#": "1",
                            "ingress.3068409405.cidr_blocks.0": "0.0.0.0/0",
                            "ingress.3068409405.description": "",
                            "ingress.3068409405.from_port": "8",
                            "ingress.3068409405.ipv6_cidr_blocks.#": "0",
                            "ingress.3068409405.prefix_list_ids.#": "0",
                            "ingress.3068409405.protocol": "icmp",
                            "ingress.3068409405.security_groups.#": "0",
                            "ingress.3068409405.self": "false",
                            "ingress.3068409405.to_port": "0",
                            "ingress.3792808971.cidr_blocks.#": "1",
                            "ingress.3792808971.cidr_blocks.0": "0.0.0.0/0",
                            "ingress.3792808971.description": "",
                            "ingress.3792808971.from_port": "7272",
                            "ingress.3792808971.ipv6_cidr_blocks.#": "0",
                            "ingress.3792808971.prefix_list_ids.#": "0",
                            "ingress.3792808971.protocol": "tcp",
                            "ingress.3792808971.security_groups.#": "0",
                            "ingress.3792808971.self": "false",
                            "ingress.3792808971.to_port": "7272",
                            "name": "pub-secgroup",
                            "owner_id": "209211465600",
                            "revoke_rules_on_delete": "false",
                            "tags.%": "0",
                            "vpc_id": "vpc-07d46a60316893056"
                        },
                        "meta": {
                            "e2bfb730-ecaa-11e6-8f88-34363bc7c4c0": {
                                "create": 600000000000,
                                "delete": 600000000000
                            },
                            "schema_version": "1"
                        },
                        "tainted": false
                    },
                    "deposed": [],
                    "provider": "provider.aws"
                },
                "aws_security_group.web-sec": {
                    "type": "aws_security_group",
                    "depends_on": [
                        "aws_vpc.myrex_vpc"
                    ],
                    "primary": {
                        "id": "sg-00ee769e843fe4905",
                        "attributes": {
                            "arn": "arn:aws:ec2:eu-west-1:209211465600:security-group/sg-00ee769e843fe4905",
                            "description": "Managed by Terraform",
                            "egress.#": "1",
                            "egress.482069346.cidr_blocks.#": "1",
                            "egress.482069346.cidr_blocks.0": "0.0.0.0/0",
                            "egress.482069346.description": "",
                            "egress.482069346.from_port": "0",
                            "egress.482069346.ipv6_cidr_blocks.#": "0",
                            "egress.482069346.prefix_list_ids.#": "0",
                            "egress.482069346.protocol": "-1",
                            "egress.482069346.security_groups.#": "0",
                            "egress.482069346.self": "false",
                            "egress.482069346.to_port": "0",
                            "id": "sg-00ee769e843fe4905",
                            "ingress.#": "4",
                            "ingress.1927567964.cidr_blocks.#": "0",
                            "ingress.1927567964.description": "",
                            "ingress.1927567964.from_port": "8",
                            "ingress.1927567964.ipv6_cidr_blocks.#": "0",
                            "ingress.1927567964.prefix_list_ids.#": "0",
                            "ingress.1927567964.protocol": "icmp",
                            "ingress.1927567964.security_groups.#": "0",
                            "ingress.1927567964.self": "true",
                            "ingress.1927567964.to_port": "0",
                            "ingress.2214680975.cidr_blocks.#": "1",
                            "ingress.2214680975.cidr_blocks.0": "0.0.0.0/0",
                            "ingress.2214680975.description": "",
                            "ingress.2214680975.from_port": "80",
                            "ingress.2214680975.ipv6_cidr_blocks.#": "0",
                            "ingress.2214680975.prefix_list_ids.#": "0",
                            "ingress.2214680975.protocol": "tcp",
                            "ingress.2214680975.security_groups.#": "0",
                            "ingress.2214680975.self": "false",
                            "ingress.2214680975.to_port": "80",
                            "ingress.2617001939.cidr_blocks.#": "1",
                            "ingress.2617001939.cidr_blocks.0": "0.0.0.0/0",
                            "ingress.2617001939.description": "",
                            "ingress.2617001939.from_port": "443",
                            "ingress.2617001939.ipv6_cidr_blocks.#": "0",
                            "ingress.2617001939.prefix_list_ids.#": "0",
                            "ingress.2617001939.protocol": "tcp",
                            "ingress.2617001939.security_groups.#": "0",
                            "ingress.2617001939.self": "false",
                            "ingress.2617001939.to_port": "443",
                            "ingress.2911034399.cidr_blocks.#": "0",
                            "ingress.2911034399.description": "",
                            "ingress.2911034399.from_port": "7272",
                            "ingress.2911034399.ipv6_cidr_blocks.#": "0",
                            "ingress.2911034399.prefix_list_ids.#": "0",
                            "ingress.2911034399.protocol": "tcp",
                            "ingress.2911034399.security_groups.#": "0",
                            "ingress.2911034399.self": "true",
                            "ingress.2911034399.to_port": "7272",
                            "name": "webserver-secgroup",
                            "owner_id": "209211465600",
                            "revoke_rules_on_delete": "false",
                            "tags.%": "0",
                            "vpc_id": "vpc-07d46a60316893056"
                        },
                        "meta": {
                            "e2bfb730-ecaa-11e6-8f88-34363bc7c4c0": {
                                "create": 600000000000,
                                "delete": 600000000000
                            },
                            "schema_version": "1"
                        },
                        "tainted": false
                    },
                    "deposed": [],
                    "provider": "provider.aws"
                },
                "aws_subnet.private_app_subnet.0": {
                    "type": "aws_subnet",
                    "depends_on": [
                        "aws_vpc.myrex_vpc",
                        "aws_vpc_dhcp_options_association.dhcp_scope_options"
                    ],
                    "primary": {
                        "id": "subnet-0885a4305fcb16e99",
                        "attributes": {
                            "arn": "arn:aws:ec2:eu-west-1:209211465600:subnet/subnet-0885a4305fcb16e99",
                            "assign_ipv6_address_on_creation": "false",
                            "availability_zone": "eu-west-1a",
                            "availability_zone_id": "euw1-az2",
                            "cidr_block": "192.168.21.0/24",
                            "id": "subnet-0885a4305fcb16e99",
                            "ipv6_cidr_block": "",
                            "ipv6_cidr_block_association_id": "",
                            "map_public_ip_on_launch": "false",
                            "owner_id": "209211465600",
                            "tags.%": "2",
                            "tags.Name": "app-myrex",
                            "tags.Type": "Private",
                            "vpc_id": "vpc-07d46a60316893056"
                        },
                        "meta": {
                            "e2bfb730-ecaa-11e6-8f88-34363bc7c4c0": {
                                "create": 600000000000,
                                "delete": 600000000000
                            },
                            "schema_version": "1"
                        },
                        "tainted": false
                    },
                    "deposed": [],
                    "provider": "provider.aws"
                },
                "aws_subnet.private_app_subnet.1": {
                    "type": "aws_subnet",
                    "depends_on": [
                        "aws_vpc.myrex_vpc",
                        "aws_vpc_dhcp_options_association.dhcp_scope_options"
                    ],
                    "primary": {
                        "id": "subnet-07241018cf3b814c4",
                        "attributes": {
                            "arn": "arn:aws:ec2:eu-west-1:209211465600:subnet/subnet-07241018cf3b814c4",
                            "assign_ipv6_address_on_creation": "false",
                            "availability_zone": "eu-west-1b",
                            "availability_zone_id": "euw1-az3",
                            "cidr_block": "192.168.22.0/24",
                            "id": "subnet-07241018cf3b814c4",
                            "ipv6_cidr_block": "",
                            "ipv6_cidr_block_association_id": "",
                            "map_public_ip_on_launch": "false",
                            "owner_id": "209211465600",
                            "tags.%": "2",
                            "tags.Name": "app-myrex",
                            "tags.Type": "Private",
                            "vpc_id": "vpc-07d46a60316893056"
                        },
                        "meta": {
                            "e2bfb730-ecaa-11e6-8f88-34363bc7c4c0": {
                                "create": 600000000000,
                                "delete": 600000000000
                            },
                            "schema_version": "1"
                        },
                        "tainted": false
                    },
                    "deposed": [],
                    "provider": "provider.aws"
                },
                "aws_subnet.private_app_subnet.2": {
                    "type": "aws_subnet",
                    "depends_on": [
                        "aws_vpc.myrex_vpc",
                        "aws_vpc_dhcp_options_association.dhcp_scope_options"
                    ],
                    "primary": {
                        "id": "subnet-0181035aa9d2e43c0",
                        "attributes": {
                            "arn": "arn:aws:ec2:eu-west-1:209211465600:subnet/subnet-0181035aa9d2e43c0",
                            "assign_ipv6_address_on_creation": "false",
                            "availability_zone": "eu-west-1c",
                            "availability_zone_id": "euw1-az1",
                            "cidr_block": "192.168.23.0/24",
                            "id": "subnet-0181035aa9d2e43c0",
                            "ipv6_cidr_block": "",
                            "ipv6_cidr_block_association_id": "",
                            "map_public_ip_on_launch": "false",
                            "owner_id": "209211465600",
                            "tags.%": "2",
                            "tags.Name": "app-myrex",
                            "tags.Type": "Private",
                            "vpc_id": "vpc-07d46a60316893056"
                        },
                        "meta": {
                            "e2bfb730-ecaa-11e6-8f88-34363bc7c4c0": {
                                "create": 600000000000,
                                "delete": 600000000000
                            },
                            "schema_version": "1"
                        },
                        "tainted": false
                    },
                    "deposed": [],
                    "provider": "provider.aws"
                },
                "aws_subnet.private_db_subnet.0": {
                    "type": "aws_subnet",
                    "depends_on": [
                        "aws_vpc.myrex_vpc",
                        "aws_vpc_dhcp_options_association.dhcp_scope_options"
                    ],
                    "primary": {
                        "id": "subnet-03e9192af5b9a2d30",
                        "attributes": {
                            "arn": "arn:aws:ec2:eu-west-1:209211465600:subnet/subnet-03e9192af5b9a2d30",
                            "assign_ipv6_address_on_creation": "false",
                            "availability_zone": "eu-west-1a",
                            "availability_zone_id": "euw1-az2",
                            "cidr_block": "192.168.31.0/24",
                            "id": "subnet-03e9192af5b9a2d30",
                            "ipv6_cidr_block": "",
                            "ipv6_cidr_block_association_id": "",
                            "map_public_ip_on_launch": "false",
                            "owner_id": "209211465600",
                            "tags.%": "2",
                            "tags.Name": "db-myrex",
                            "tags.Type": "Database",
                            "vpc_id": "vpc-07d46a60316893056"
                        },
                        "meta": {
                            "e2bfb730-ecaa-11e6-8f88-34363bc7c4c0": {
                                "create": 600000000000,
                                "delete": 600000000000
                            },
                            "schema_version": "1"
                        },
                        "tainted": false
                    },
                    "deposed": [],
                    "provider": "provider.aws"
                },
                "aws_subnet.private_db_subnet.1": {
                    "type": "aws_subnet",
                    "depends_on": [
                        "aws_vpc.myrex_vpc",
                        "aws_vpc_dhcp_options_association.dhcp_scope_options"
                    ],
                    "primary": {
                        "id": "subnet-0ad3aacf2fa4f825e",
                        "attributes": {
                            "arn": "arn:aws:ec2:eu-west-1:209211465600:subnet/subnet-0ad3aacf2fa4f825e",
                            "assign_ipv6_address_on_creation": "false",
                            "availability_zone": "eu-west-1b",
                            "availability_zone_id": "euw1-az3",
                            "cidr_block": "192.168.32.0/24",
                            "id": "subnet-0ad3aacf2fa4f825e",
                            "ipv6_cidr_block": "",
                            "ipv6_cidr_block_association_id": "",
                            "map_public_ip_on_launch": "false",
                            "owner_id": "209211465600",
                            "tags.%": "2",
                            "tags.Name": "db-myrex",
                            "tags.Type": "Database",
                            "vpc_id": "vpc-07d46a60316893056"
                        },
                        "meta": {
                            "e2bfb730-ecaa-11e6-8f88-34363bc7c4c0": {
                                "create": 600000000000,
                                "delete": 600000000000
                            },
                            "schema_version": "1"
                        },
                        "tainted": false
                    },
                    "deposed": [],
                    "provider": "provider.aws"
                },
                "aws_subnet.private_db_subnet.2": {
                    "type": "aws_subnet",
                    "depends_on": [
                        "aws_vpc.myrex_vpc",
                        "aws_vpc_dhcp_options_association.dhcp_scope_options"
                    ],
                    "primary": {
                        "id": "subnet-0fb88bbc1faa26fed",
                        "attributes": {
                            "arn": "arn:aws:ec2:eu-west-1:209211465600:subnet/subnet-0fb88bbc1faa26fed",
                            "assign_ipv6_address_on_creation": "false",
                            "availability_zone": "eu-west-1c",
                            "availability_zone_id": "euw1-az1",
                            "cidr_block": "192.168.33.0/24",
                            "id": "subnet-0fb88bbc1faa26fed",
                            "ipv6_cidr_block": "",
                            "ipv6_cidr_block_association_id": "",
                            "map_public_ip_on_launch": "false",
                            "owner_id": "209211465600",
                            "tags.%": "2",
                            "tags.Name": "db-myrex",
                            "tags.Type": "Database",
                            "vpc_id": "vpc-07d46a60316893056"
                        },
                        "meta": {
                            "e2bfb730-ecaa-11e6-8f88-34363bc7c4c0": {
                                "create": 600000000000,
                                "delete": 600000000000
                            },
                            "schema_version": "1"
                        },
                        "tainted": false
                    },
                    "deposed": [],
                    "provider": "provider.aws"
                },
                "aws_subnet.public_subnet.0": {
                    "type": "aws_subnet",
                    "depends_on": [
                        "aws_vpc.myrex_vpc",
                        "aws_vpc_dhcp_options_association.dhcp_scope_options"
                    ],
                    "primary": {
                        "id": "subnet-026df3e0afc528249",
                        "attributes": {
                            "arn": "arn:aws:ec2:eu-west-1:209211465600:subnet/subnet-026df3e0afc528249",
                            "assign_ipv6_address_on_creation": "false",
                            "availability_zone": "eu-west-1a",
                            "availability_zone_id": "euw1-az2",
                            "cidr_block": "192.168.1.0/24",
                            "id": "subnet-026df3e0afc528249",
                            "ipv6_cidr_block": "",
                            "ipv6_cidr_block_association_id": "",
                            "map_public_ip_on_launch": "false",
                            "owner_id": "209211465600",
                            "tags.%": "2",
                            "tags.Name": "public-myrex",
                            "tags.Type": "Public",
                            "vpc_id": "vpc-07d46a60316893056"
                        },
                        "meta": {
                            "e2bfb730-ecaa-11e6-8f88-34363bc7c4c0": {
                                "create": 600000000000,
                                "delete": 600000000000
                            },
                            "schema_version": "1"
                        },
                        "tainted": false
                    },
                    "deposed": [],
                    "provider": "provider.aws"
                },
                "aws_subnet.public_subnet.1": {
                    "type": "aws_subnet",
                    "depends_on": [
                        "aws_vpc.myrex_vpc",
                        "aws_vpc_dhcp_options_association.dhcp_scope_options"
                    ],
                    "primary": {
                        "id": "subnet-0b5d2b9f6e34102b7",
                        "attributes": {
                            "arn": "arn:aws:ec2:eu-west-1:209211465600:subnet/subnet-0b5d2b9f6e34102b7",
                            "assign_ipv6_address_on_creation": "false",
                            "availability_zone": "eu-west-1b",
                            "availability_zone_id": "euw1-az3",
                            "cidr_block": "192.168.2.0/24",
                            "id": "subnet-0b5d2b9f6e34102b7",
                            "ipv6_cidr_block": "",
                            "ipv6_cidr_block_association_id": "",
                            "map_public_ip_on_launch": "false",
                            "owner_id": "209211465600",
                            "tags.%": "2",
                            "tags.Name": "public-myrex",
                            "tags.Type": "Public",
                            "vpc_id": "vpc-07d46a60316893056"
                        },
                        "meta": {
                            "e2bfb730-ecaa-11e6-8f88-34363bc7c4c0": {
                                "create": 600000000000,
                                "delete": 600000000000
                            },
                            "schema_version": "1"
                        },
                        "tainted": false
                    },
                    "deposed": [],
                    "provider": "provider.aws"
                },
                "aws_subnet.public_subnet.2": {
                    "type": "aws_subnet",
                    "depends_on": [
                        "aws_vpc.myrex_vpc",
                        "aws_vpc_dhcp_options_association.dhcp_scope_options"
                    ],
                    "primary": {
                        "id": "subnet-0088c313867e8129b",
                        "attributes": {
                            "arn": "arn:aws:ec2:eu-west-1:209211465600:subnet/subnet-0088c313867e8129b",
                            "assign_ipv6_address_on_creation": "false",
                            "availability_zone": "eu-west-1c",
                            "availability_zone_id": "euw1-az1",
                            "cidr_block": "192.168.3.0/24",
                            "id": "subnet-0088c313867e8129b",
                            "ipv6_cidr_block": "",
                            "ipv6_cidr_block_association_id": "",
                            "map_public_ip_on_launch": "false",
                            "owner_id": "209211465600",
                            "tags.%": "2",
                            "tags.Name": "public-myrex",
                            "tags.Type": "Public",
                            "vpc_id": "vpc-07d46a60316893056"
                        },
                        "meta": {
                            "e2bfb730-ecaa-11e6-8f88-34363bc7c4c0": {
                                "create": 600000000000,
                                "delete": 600000000000
                            },
                            "schema_version": "1"
                        },
                        "tainted": false
                    },
                    "deposed": [],
                    "provider": "provider.aws"
                },
                "aws_subnet.public_web_subnet.0": {
                    "type": "aws_subnet",
                    "depends_on": [
                        "aws_vpc.myrex_vpc",
                        "aws_vpc_dhcp_options_association.dhcp_scope_options"
                    ],
                    "primary": {
                        "id": "subnet-06d321e28f1339b9c",
                        "attributes": {
                            "arn": "arn:aws:ec2:eu-west-1:209211465600:subnet/subnet-06d321e28f1339b9c",
                            "assign_ipv6_address_on_creation": "false",
                            "availability_zone": "eu-west-1a",
                            "availability_zone_id": "euw1-az2",
                            "cidr_block": "192.168.11.0/24",
                            "id": "subnet-06d321e28f1339b9c",
                            "ipv6_cidr_block": "",
                            "ipv6_cidr_block_association_id": "",
                            "map_public_ip_on_launch": "false",
                            "owner_id": "209211465600",
                            "tags.%": "2",
                            "tags.Name": "web-myrex",
                            "tags.Type": "Public",
                            "vpc_id": "vpc-07d46a60316893056"
                        },
                        "meta": {
                            "e2bfb730-ecaa-11e6-8f88-34363bc7c4c0": {
                                "create": 600000000000,
                                "delete": 600000000000
                            },
                            "schema_version": "1"
                        },
                        "tainted": false
                    },
                    "deposed": [],
                    "provider": "provider.aws"
                },
                "aws_subnet.public_web_subnet.1": {
                    "type": "aws_subnet",
                    "depends_on": [
                        "aws_vpc.myrex_vpc",
                        "aws_vpc_dhcp_options_association.dhcp_scope_options"
                    ],
                    "primary": {
                        "id": "subnet-016a3c1f7cbb308f4",
                        "attributes": {
                            "arn": "arn:aws:ec2:eu-west-1:209211465600:subnet/subnet-016a3c1f7cbb308f4",
                            "assign_ipv6_address_on_creation": "false",
                            "availability_zone": "eu-west-1b",
                            "availability_zone_id": "euw1-az3",
                            "cidr_block": "192.168.12.0/24",
                            "id": "subnet-016a3c1f7cbb308f4",
                            "ipv6_cidr_block": "",
                            "ipv6_cidr_block_association_id": "",
                            "map_public_ip_on_launch": "false",
                            "owner_id": "209211465600",
                            "tags.%": "2",
                            "tags.Name": "web-myrex",
                            "tags.Type": "Public",
                            "vpc_id": "vpc-07d46a60316893056"
                        },
                        "meta": {
                            "e2bfb730-ecaa-11e6-8f88-34363bc7c4c0": {
                                "create": 600000000000,
                                "delete": 600000000000
                            },
                            "schema_version": "1"
                        },
                        "tainted": false
                    },
                    "deposed": [],
                    "provider": "provider.aws"
                },
                "aws_subnet.public_web_subnet.2": {
                    "type": "aws_subnet",
                    "depends_on": [
                        "aws_vpc.myrex_vpc",
                        "aws_vpc_dhcp_options_association.dhcp_scope_options"
                    ],
                    "primary": {
                        "id": "subnet-036fb12dac8674dab",
                        "attributes": {
                            "arn": "arn:aws:ec2:eu-west-1:209211465600:subnet/subnet-036fb12dac8674dab",
                            "assign_ipv6_address_on_creation": "false",
                            "availability_zone": "eu-west-1c",
                            "availability_zone_id": "euw1-az1",
                            "cidr_block": "192.168.13.0/24",
                            "id": "subnet-036fb12dac8674dab",
                            "ipv6_cidr_block": "",
                            "ipv6_cidr_block_association_id": "",
                            "map_public_ip_on_launch": "false",
                            "owner_id": "209211465600",
                            "tags.%": "2",
                            "tags.Name": "web-myrex",
                            "tags.Type": "Public",
                            "vpc_id": "vpc-07d46a60316893056"
                        },
                        "meta": {
                            "e2bfb730-ecaa-11e6-8f88-34363bc7c4c0": {
                                "create": 600000000000,
                                "delete": 600000000000
                            },
                            "schema_version": "1"
                        },
                        "tainted": false
                    },
                    "deposed": [],
                    "provider": "provider.aws"
                },
                "aws_vpc.myrex_vpc": {
                    "type": "aws_vpc",
                    "depends_on": [],
                    "primary": {
                        "id": "vpc-07d46a60316893056",
                        "attributes": {
                            "arn": "arn:aws:ec2:eu-west-1:209211465600:vpc/vpc-07d46a60316893056",
                            "assign_generated_ipv6_cidr_block": "false",
                            "cidr_block": "192.168.0.0/16",
                            "default_network_acl_id": "acl-074355cae987f2974",
                            "default_route_table_id": "rtb-09edb3c8a71600f88",
                            "default_security_group_id": "sg-0294d900490f13eae",
                            "dhcp_options_id": "dopt-31881c57",
                            "enable_classiclink": "false",
                            "enable_classiclink_dns_support": "false",
                            "enable_dns_hostnames": "true",
                            "enable_dns_support": "true",
                            "id": "vpc-07d46a60316893056",
                            "instance_tenancy": "default",
                            "ipv6_association_id": "",
                            "ipv6_cidr_block": "",
                            "main_route_table_id": "rtb-09edb3c8a71600f88",
                            "owner_id": "209211465600",
                            "tags.%": "1",
                            "tags.Name": "myEX"
                        },
                        "meta": {
                            "schema_version": "1"
                        },
                        "tainted": false
                    },
                    "deposed": [],
                    "provider": "provider.aws"
                },
                "aws_vpc_dhcp_options.dhcp_scope_options": {
                    "type": "aws_vpc_dhcp_options",
                    "depends_on": [],
                    "primary": {
                        "id": "dopt-00713b073fc1a3cfd",
                        "attributes": {
                            "domain_name_servers.#": "1",
                            "domain_name_servers.0": "AmazonProvidedDNS",
                            "id": "dopt-00713b073fc1a3cfd",
                            "owner_id": "209211465600",
                            "tags.%": "0"
                        },
                        "meta": {},
                        "tainted": false
                    },
                    "deposed": [],
                    "provider": "provider.aws"
                },
                "aws_vpc_dhcp_options_association.dhcp_scope_options": {
                    "type": "aws_vpc_dhcp_options_association",
                    "depends_on": [
                        "aws_vpc.myrex_vpc",
                        "aws_vpc_dhcp_options.dhcp_scope_options"
                    ],
                    "primary": {
                        "id": "dopt-00713b073fc1a3cfd-vpc-07d46a60316893056",
                        "attributes": {
                            "dhcp_options_id": "dopt-00713b073fc1a3cfd",
                            "id": "dopt-00713b073fc1a3cfd-vpc-07d46a60316893056",
                            "vpc_id": "vpc-07d46a60316893056"
                        },
                        "meta": {},
                        "tainted": false
                    },
                    "deposed": [],
                    "provider": "provider.aws"
                },
                "data.template_file.app_user_data": {
                    "type": "template_file",
                    "depends_on": [
                        "aws_db_instance.mysql-db",
                        "random_string.password"
                    ],
                    "primary": {
                        "id": "8d6a59c49d52ccda5321a13fee13dff9583cc829c3b8e72cc7df9c05253b95cc",
                        "attributes": {
                            "id": "8d6a59c49d52ccda5321a13fee13dff9583cc829c3b8e72cc7df9c05253b95cc",
                            "rendered": "#!/bin/bash -v\r\n\r\nRETRY=0\r\nUSER=\"myex-app\"\r\nDOMAINNAME=\"aws1.khushal.com\"\r\nWEBALIAS=\"aws2.khushal.com\"\r\nAWS_REGION=\"eu-west-1\"\r\nWEBROOT=\"/home/$USER/web/$DOMAINNAME/public_html\"\r\nblowfish_secret=`head /dev/urandom | tr -dc A-Za-z0-9 | head -c72`\r\n\r\n#Update system and install required packages\r\nexport DEBIAN_FRONTEND=noninteractive\r\napt-key adv --recv-keys --keyserver hkp://keyserver.ubuntu.com:80 0xF1656F24C74CD1D8\r\nadd-apt-repository 'deb [arch=amd64,arm64,ppc64el] http://nyc2.mirrors.digitalocean.com/mariadb/repo/10.2/ubuntu bionic main'\r\napt update\r\napt install -y debconf-utils nginx php-fpm php-dev php-pear php-mysql php-mbstring php-gd php-curl php-zip \\\r\n unzip libmcrypt-dev wget mariadb-client-core-10.2 ruby\r\napt upgrade -y\r\n\r\n#Install php-mycrypt extension \r\nsudo pecl install mcrypt-1.0.1\r\nsudo echo \"extension=mcrypt.so\" \u003e /etc/php/7.2/mods-available/mcrypt.ini\r\nsudo phpenmod mcrypt\r\n#Re-configure nginx config\r\nsudo wget https://raw.githubusercontent.com/narookak/aws/master/nginx/nginx.conf -O /etc/nginx/nginx.conf\r\n\r\n#Install PHPMyAdmin and configure nginx\r\nsudo wget https://raw.githubusercontent.com/narookak/aws/master/nginx/phpmyadmin.inc -O /etc/nginx/conf.d/phpmyadmin.inc\r\nsudo wget https://files.phpmyadmin.net/phpMyAdmin/4.8.3/phpMyAdmin-4.8.3-english.zip -O /tmp/phpMyAdmin-4.8.3-english.zip\r\ncd /tmp\r\nsudo unzip phpMyAdmin-4.8.3-english.zip\r\nsudo mv phpMyAdmin-4.8.3-english /usr/share/myadminx\r\n\r\nsudo sed -i 's%phpmyadmin%myadminx%' /etc/nginx/conf.d/phpmyadmin.inc\r\nsudo sed -i 's%fastcgi_pass 127.0.0.1:9000;%fastcgi_pass unix:/run/php/php7.2-fpm.sock;%' /etc/nginx/conf.d/phpmyadmin.inc\r\nsudo cp /usr/share/myadminx/config.sample.inc.php /usr/share/myadminx/config.inc.php\r\nsed -i \"s/\\['host'\\] = 'localhost'/\\['host'\\] = \\'\"mysql-db.chkav2tuggz0.eu-west-1.rds.amazonaws.com\"\\'/\" /usr/share/myadminx/config.inc.php\r\nsed -i \"s/\\['blowfish_secret'\\] = ''/\\['blowfish_secret'\\] = \\'$blowfish_secret\\'/\" /usr/share/myadminx/config.inc.php\r\n\r\n# Setup website and configure nginx\r\nsudo wget https://raw.githubusercontent.com/narookak/aws/master/web/templates/laravel.tpl -O /etc/nginx/conf.d/$DOMAINNAME.conf\r\nsudo wget https://raw.githubusercontent.com/narookak/aws/master/php-fpm/www-pool.conf -O /etc/php/7.2/fpm/pool.d/$DOMAINNAME.conf\r\nsudo useradd -m $USER\r\nsudo mkdir -p $WEBROOT\r\nsudo mkdir -p /home/$USER/tmp\r\nsudo echo \"\u003c?php phpinfo();\" \u003e $WEBROOT/index.php\r\nsudo echo \"\u003c?php phpinfo();\" \u003e $WEBROOT/elb-heartbeat.php\r\nsudo chown $USER.$USER -R /home/$USER\r\nsudo sed -i 's/%ip%:%web_port%;/80;/' /etc/nginx/conf.d/$DOMAINNAME.conf\r\nsudo sed -i \"s/%domain_idn%/$DOMAINNAME/\" /etc/nginx/conf.d/$DOMAINNAME.conf\r\nsudo sed -i \"s/%alias_idn%/$WEBALIAS/\" /etc/nginx/conf.d/$DOMAINNAME.conf\r\nsudo sed -i \"s@%docroot%@/home/$USER/web/$DOMAINNAME/public_html@\" /etc/nginx/conf.d/$DOMAINNAME.conf\r\nsudo sed -i \"s@%backend_lsnr%@unix:/var/run/php/$DOMAINNAME.sock@\" /etc/nginx/conf.d/$DOMAINNAME.conf\r\nsudo sed -i \"s/%domain%/$DOMAINNAME/\" /etc/nginx/conf.d/$DOMAINNAME.conf\r\n\r\n\r\n#update php-fpm pool for website\r\nsudo sed -i \"s/%backend%/$DOMAINNAME/\" /etc/php/7.2/fpm/pool.d/$DOMAINNAME.conf\r\nsudo sed -i \"s/%user%/$USER/\" /etc/php/7.2/fpm/pool.d/$DOMAINNAME.conf\r\n\r\n#restart services\r\nsudo mkdir -p /var/log/nginx/domains\r\nsudo systemctl restart php7.2-fpm \u0026\u0026 systemctl restart nginx\r\nsed -i 's/#Port 22/Port 7272/' /etc/ssh/sshd_config\r\n#install codeDeploy Agent\r\nwget http://aws-codedeploy-eu-west-1.s3.amazonaws.com/latest/install -O /tmp/aws-codedeploy\r\nchmod +x /tmp/aws-codedeploy\r\n/tmp/aws-codedeploy auto\r\n\r\nreboot",
                            "template": "#!/bin/bash -v\r\n\r\nRETRY=0\r\nUSER=\"${appuser_name}\"\r\nDOMAINNAME=\"aws1.${domain_name}\"\r\nWEBALIAS=\"aws2.${domain_name}\"\r\nAWS_REGION=\"${aws_region}\"\r\nWEBROOT=\"/home/$USER/web/$DOMAINNAME/public_html\"\r\nblowfish_secret=`head /dev/urandom | tr -dc A-Za-z0-9 | head -c72`\r\n\r\n#Update system and install required packages\r\nexport DEBIAN_FRONTEND=noninteractive\r\napt-key adv --recv-keys --keyserver hkp://keyserver.ubuntu.com:80 0xF1656F24C74CD1D8\r\nadd-apt-repository 'deb [arch=amd64,arm64,ppc64el] http://nyc2.mirrors.digitalocean.com/mariadb/repo/10.2/ubuntu bionic main'\r\napt update\r\napt install -y debconf-utils nginx php-fpm php-dev php-pear php-mysql php-mbstring php-gd php-curl php-zip \\\r\n unzip libmcrypt-dev wget mariadb-client-core-10.2 ruby\r\napt upgrade -y\r\n\r\n#Install php-mycrypt extension \r\nsudo pecl install mcrypt-1.0.1\r\nsudo echo \"extension=mcrypt.so\" \u003e /etc/php/7.2/mods-available/mcrypt.ini\r\nsudo phpenmod mcrypt\r\n#Re-configure nginx config\r\nsudo wget https://raw.githubusercontent.com/narookak/aws/master/nginx/nginx.conf -O /etc/nginx/nginx.conf\r\n\r\n#Install PHPMyAdmin and configure nginx\r\nsudo wget https://raw.githubusercontent.com/narookak/aws/master/nginx/phpmyadmin.inc -O /etc/nginx/conf.d/phpmyadmin.inc\r\nsudo wget https://files.phpmyadmin.net/phpMyAdmin/4.8.3/phpMyAdmin-4.8.3-english.zip -O /tmp/phpMyAdmin-4.8.3-english.zip\r\ncd /tmp\r\nsudo unzip phpMyAdmin-4.8.3-english.zip\r\nsudo mv phpMyAdmin-4.8.3-english /usr/share/myadminx\r\n\r\nsudo sed -i 's%phpmyadmin%myadminx%' /etc/nginx/conf.d/phpmyadmin.inc\r\nsudo sed -i 's%fastcgi_pass 127.0.0.1:9000;%fastcgi_pass unix:/run/php/php7.2-fpm.sock;%' /etc/nginx/conf.d/phpmyadmin.inc\r\nsudo cp /usr/share/myadminx/config.sample.inc.php /usr/share/myadminx/config.inc.php\r\nsed -i \"s/\\['host'\\] = 'localhost'/\\['host'\\] = \\'\"${db_host}\"\\'/\" /usr/share/myadminx/config.inc.php\r\nsed -i \"s/\\['blowfish_secret'\\] = ''/\\['blowfish_secret'\\] = \\'$blowfish_secret\\'/\" /usr/share/myadminx/config.inc.php\r\n\r\n# Setup website and configure nginx\r\nsudo wget https://raw.githubusercontent.com/narookak/aws/master/web/templates/laravel.tpl -O /etc/nginx/conf.d/$DOMAINNAME.conf\r\nsudo wget https://raw.githubusercontent.com/narookak/aws/master/php-fpm/www-pool.conf -O /etc/php/7.2/fpm/pool.d/$DOMAINNAME.conf\r\nsudo useradd -m $USER\r\nsudo mkdir -p $WEBROOT\r\nsudo mkdir -p /home/$USER/tmp\r\nsudo echo \"\u003c?php phpinfo();\" \u003e $WEBROOT/index.php\r\nsudo echo \"\u003c?php phpinfo();\" \u003e $WEBROOT/elb-heartbeat.php\r\nsudo chown $USER.$USER -R /home/$USER\r\nsudo sed -i 's/%ip%:%web_port%;/80;/' /etc/nginx/conf.d/$DOMAINNAME.conf\r\nsudo sed -i \"s/%domain_idn%/$DOMAINNAME/\" /etc/nginx/conf.d/$DOMAINNAME.conf\r\nsudo sed -i \"s/%alias_idn%/$WEBALIAS/\" /etc/nginx/conf.d/$DOMAINNAME.conf\r\nsudo sed -i \"s@%docroot%@/home/$USER/web/$DOMAINNAME/public_html@\" /etc/nginx/conf.d/$DOMAINNAME.conf\r\nsudo sed -i \"s@%backend_lsnr%@unix:/var/run/php/$DOMAINNAME.sock@\" /etc/nginx/conf.d/$DOMAINNAME.conf\r\nsudo sed -i \"s/%domain%/$DOMAINNAME/\" /etc/nginx/conf.d/$DOMAINNAME.conf\r\n\r\n\r\n#update php-fpm pool for website\r\nsudo sed -i \"s/%backend%/$DOMAINNAME/\" /etc/php/7.2/fpm/pool.d/$DOMAINNAME.conf\r\nsudo sed -i \"s/%user%/$USER/\" /etc/php/7.2/fpm/pool.d/$DOMAINNAME.conf\r\n\r\n#restart services\r\nsudo mkdir -p /var/log/nginx/domains\r\nsudo systemctl restart php7.2-fpm \u0026\u0026 systemctl restart nginx\r\nsed -i 's/#Port 22/Port 7272/' /etc/ssh/sshd_config\r\n#install codeDeploy Agent\r\nwget http://aws-codedeploy-${aws_region}.s3.amazonaws.com/latest/install -O /tmp/aws-codedeploy\r\nchmod +x /tmp/aws-codedeploy\r\n/tmp/aws-codedeploy auto\r\n\r\nreboot",
                            "vars.%": "7",
                            "vars.appuser_name": "myex-app",
                            "vars.aws_region": "eu-west-1",
                            "vars.db_host": "mysql-db.chkav2tuggz0.eu-west-1.rds.amazonaws.com",
                            "vars.db_name": "myex_mydb",
                            "vars.db_pass": "cDeErsOl86beK6GQCV",
                            "vars.db_user": "myex_dbadm",
                            "vars.domain_name": "khushal.com"
                        },
                        "meta": {},
                        "tainted": false
                    },
                    "deposed": [],
                    "provider": "provider.template"
                },
                "data.template_file.bastion_user_data": {
                    "type": "template_file",
                    "depends_on": [
                        "aws_db_instance.mysql-db",
                        "random_string.password"
                    ],
                    "primary": {
                        "id": "10894a4ab948f1d78d26d47df397b8422bf7b3b812cd551b9a3dcfc0c4e6cd03",
                        "attributes": {
                            "id": "10894a4ab948f1d78d26d47df397b8422bf7b3b812cd551b9a3dcfc0c4e6cd03",
                            "rendered": "#!/bin/bash -v\r\n\r\nexport DEBIAN_FRONTEND=noninteractive\r\napt update\r\napt upgrade -y\r\napt install -y git mysql-client-core-5.7 iptables-persistent\r\niptables -t nat -I POSTROUTING -s \"192.168.0.0/16\" -j MASQUERADE\r\n/sbin/iptables-save \u003e /etc/iptables/rules.v4\r\nsed -i 's/#net.ipv4.ip_forward=1/net.ipv4.ip_forward=1/' /etc/sysctl.conf\r\nsed -i 's/#Port 22/Port 7272/' /etc/ssh/sshd_config\r\nsudo sysctl -p\r\nreboot",
                            "template": "#!/bin/bash -v\r\n\r\nexport DEBIAN_FRONTEND=noninteractive\r\napt update\r\napt upgrade -y\r\napt install -y git mysql-client-core-5.7 iptables-persistent\r\niptables -t nat -I POSTROUTING -s \"${cidr_block}\" -j MASQUERADE\r\n/sbin/iptables-save \u003e /etc/iptables/rules.v4\r\nsed -i 's/#net.ipv4.ip_forward=1/net.ipv4.ip_forward=1/' /etc/sysctl.conf\r\nsed -i 's/#Port 22/Port 7272/' /etc/ssh/sshd_config\r\nsudo sysctl -p\r\nreboot",
                            "vars.%": "5",
                            "vars.cidr_block": "192.168.0.0/16",
                            "vars.db_host": "mysql-db.chkav2tuggz0.eu-west-1.rds.amazonaws.com",
                            "vars.db_name": "myex_mydb",
                            "vars.db_pass": "cDeErsOl86beK6GQCV",
                            "vars.db_user": "myex_dbadm"
                        },
                        "meta": {},
                        "tainted": false
                    },
                    "deposed": [],
                    "provider": "provider.template"
                },
                "data.template_file.web_user_data": {
                    "type": "template_file",
                    "depends_on": [
                        "aws_db_instance.mysql-db",
                        "random_string.password"
                    ],
                    "primary": {
                        "id": "ba3ab4d3d92fdacb7fdd2002e4dcaeef2278eaf74ba65bec5fafb335a4e2308d",
                        "attributes": {
                            "id": "ba3ab4d3d92fdacb7fdd2002e4dcaeef2278eaf74ba65bec5fafb335a4e2308d",
                            "rendered": "#!/bin/bash -v\r\n\r\nRETRY=0\r\nUSER=\"myex-web\"\r\nDOMAINNAME=\"khushal.com\"\r\nWEBALIAS=\"www.khushal.com\"\r\nAWS_REGION=\"eu-west-1\"\r\nWEBROOT=\"/home/$USER/web/$DOMAINNAME/public_html\"\r\nblowfish_secret=`head /dev/urandom | tr -dc A-Za-z0-9 | head -c72`\r\n\r\n#Update system and install required packages\r\nexport DEBIAN_FRONTEND=noninteractive\r\napt-key adv --recv-keys --keyserver hkp://keyserver.ubuntu.com:80 0xF1656F24C74CD1D8\r\nadd-apt-repository 'deb [arch=amd64,arm64,ppc64el] http://nyc2.mirrors.digitalocean.com/mariadb/repo/10.2/ubuntu bionic main'\r\napt update\r\napt install -y debconf-utils nginx php-fpm php-dev php-pear php-mysql php-mbstring php-gd php-curl php-zip \\\r\n unzip libmcrypt-dev wget mariadb-client-core-10.2 ruby\r\napt upgrade -y\r\n\r\n#Install php-mycrypt extension \r\nsudo pecl install mcrypt-1.0.1\r\nsudo echo \"extension=mcrypt.so\" \u003e /etc/php/7.2/mods-available/mcrypt.ini\r\nsudo phpenmod mcrypt\r\n#Re-configure nginx config\r\nsudo wget https://raw.githubusercontent.com/narookak/aws/master/nginx/nginx.conf -O /etc/nginx/nginx.conf\r\n\r\n#Install PHPMyAdmin and configure nginx\r\nsudo wget https://raw.githubusercontent.com/narookak/aws/master/nginx/phpmyadmin.inc -O /etc/nginx/conf.d/phpmyadmin.inc\r\nsudo wget https://files.phpmyadmin.net/phpMyAdmin/4.8.3/phpMyAdmin-4.8.3-english.zip -O /tmp/phpMyAdmin-4.8.3-english.zip\r\ncd /tmp\r\nsudo unzip phpMyAdmin-4.8.3-english.zip\r\nsudo mv phpMyAdmin-4.8.3-english /usr/share/myadminx\r\n\r\nsudo sed -i 's%phpmyadmin%myadminx%' /etc/nginx/conf.d/phpmyadmin.inc\r\nsudo sed -i 's%fastcgi_pass 127.0.0.1:9000;%fastcgi_pass unix:/run/php/php7.2-fpm.sock;%' /etc/nginx/conf.d/phpmyadmin.inc\r\nsudo cp /usr/share/myadminx/config.sample.inc.php /usr/share/myadminx/config.inc.php\r\nsed -i \"s/\\['host'\\] = 'localhost'/\\['host'\\] = \\'\"mysql-db.chkav2tuggz0.eu-west-1.rds.amazonaws.com\"\\'/\" /usr/share/myadminx/config.inc.php\r\nsed -i \"s/\\['blowfish_secret'\\] = ''/\\['blowfish_secret'\\] = \\'$blowfish_secret\\'/\" /usr/share/myadminx/config.inc.php\r\n\r\n# Setup website and configure nginx\r\nsudo wget https://raw.githubusercontent.com/narookak/aws/master/web/templates/laravel.tpl -O /etc/nginx/conf.d/$DOMAINNAME.conf\r\nsudo wget https://raw.githubusercontent.com/narookak/aws/master/php-fpm/www-pool.conf -O /etc/php/7.2/fpm/pool.d/$DOMAINNAME.conf\r\nsudo useradd -m $USER\r\nsudo mkdir -p $WEBROOT\r\nsudo mkdir -p /home/$USER/tmp\r\nsudo echo \"\u003c?php phpinfo();\" \u003e $WEBROOT/index.php\r\nsudo echo \"\u003c?php phpinfo();\" \u003e $WEBROOT/elb-heartbeat.php\r\nsudo chown $USER.$USER -R /home/$USER\r\nsudo sed -i 's/%ip%:%web_port%;/80;/' /etc/nginx/conf.d/$DOMAINNAME.conf\r\nsudo sed -i \"s/%domain_idn%/$DOMAINNAME/\" /etc/nginx/conf.d/$DOMAINNAME.conf\r\nsudo sed -i \"s/%alias_idn%/$WEBALIAS/\" /etc/nginx/conf.d/$DOMAINNAME.conf\r\nsudo sed -i \"s@%docroot%@/home/$USER/web/$DOMAINNAME/public_html@\" /etc/nginx/conf.d/$DOMAINNAME.conf\r\nsudo sed -i \"s@%backend_lsnr%@unix:/var/run/php/$DOMAINNAME.sock@\" /etc/nginx/conf.d/$DOMAINNAME.conf\r\nsudo sed -i \"s/%domain%/$DOMAINNAME/\" /etc/nginx/conf.d/$DOMAINNAME.conf\r\n\r\n\r\n#update php-fpm pool for website\r\nsudo sed -i \"s/%backend%/$DOMAINNAME/\" /etc/php/7.2/fpm/pool.d/$DOMAINNAME.conf\r\nsudo sed -i \"s/%user%/$USER/\" /etc/php/7.2/fpm/pool.d/$DOMAINNAME.conf\r\n\r\n#restart services\r\nsudo mkdir -p /var/log/nginx/domains\r\nsudo systemctl restart php7.2-fpm \u0026\u0026 systemctl restart nginx\r\nsed -i 's/#Port 22/Port 7272/' /etc/ssh/sshd_config\r\n#install codeDeploy Agent\r\nwget http://aws-codedeploy-eu-west-1.s3.amazonaws.com/latest/install -O /tmp/aws-codedeploy\r\nchmod +x /tmp/aws-codedeploy\r\n/tmp/aws-codedeploy auto\r\n\r\nreboot",
                            "template": "#!/bin/bash -v\r\n\r\nRETRY=0\r\nUSER=\"${webuser_name}\"\r\nDOMAINNAME=\"${domain_name}\"\r\nWEBALIAS=\"www.${domain_name}\"\r\nAWS_REGION=\"${aws_region}\"\r\nWEBROOT=\"/home/$USER/web/$DOMAINNAME/public_html\"\r\nblowfish_secret=`head /dev/urandom | tr -dc A-Za-z0-9 | head -c72`\r\n\r\n#Update system and install required packages\r\nexport DEBIAN_FRONTEND=noninteractive\r\napt-key adv --recv-keys --keyserver hkp://keyserver.ubuntu.com:80 0xF1656F24C74CD1D8\r\nadd-apt-repository 'deb [arch=amd64,arm64,ppc64el] http://nyc2.mirrors.digitalocean.com/mariadb/repo/10.2/ubuntu bionic main'\r\napt update\r\napt install -y debconf-utils nginx php-fpm php-dev php-pear php-mysql php-mbstring php-gd php-curl php-zip \\\r\n unzip libmcrypt-dev wget mariadb-client-core-10.2 ruby\r\napt upgrade -y\r\n\r\n#Install php-mycrypt extension \r\nsudo pecl install mcrypt-1.0.1\r\nsudo echo \"extension=mcrypt.so\" \u003e /etc/php/7.2/mods-available/mcrypt.ini\r\nsudo phpenmod mcrypt\r\n#Re-configure nginx config\r\nsudo wget https://raw.githubusercontent.com/narookak/aws/master/nginx/nginx.conf -O /etc/nginx/nginx.conf\r\n\r\n#Install PHPMyAdmin and configure nginx\r\nsudo wget https://raw.githubusercontent.com/narookak/aws/master/nginx/phpmyadmin.inc -O /etc/nginx/conf.d/phpmyadmin.inc\r\nsudo wget https://files.phpmyadmin.net/phpMyAdmin/4.8.3/phpMyAdmin-4.8.3-english.zip -O /tmp/phpMyAdmin-4.8.3-english.zip\r\ncd /tmp\r\nsudo unzip phpMyAdmin-4.8.3-english.zip\r\nsudo mv phpMyAdmin-4.8.3-english /usr/share/myadminx\r\n\r\nsudo sed -i 's%phpmyadmin%myadminx%' /etc/nginx/conf.d/phpmyadmin.inc\r\nsudo sed -i 's%fastcgi_pass 127.0.0.1:9000;%fastcgi_pass unix:/run/php/php7.2-fpm.sock;%' /etc/nginx/conf.d/phpmyadmin.inc\r\nsudo cp /usr/share/myadminx/config.sample.inc.php /usr/share/myadminx/config.inc.php\r\nsed -i \"s/\\['host'\\] = 'localhost'/\\['host'\\] = \\'\"${db_host}\"\\'/\" /usr/share/myadminx/config.inc.php\r\nsed -i \"s/\\['blowfish_secret'\\] = ''/\\['blowfish_secret'\\] = \\'$blowfish_secret\\'/\" /usr/share/myadminx/config.inc.php\r\n\r\n# Setup website and configure nginx\r\nsudo wget https://raw.githubusercontent.com/narookak/aws/master/web/templates/laravel.tpl -O /etc/nginx/conf.d/$DOMAINNAME.conf\r\nsudo wget https://raw.githubusercontent.com/narookak/aws/master/php-fpm/www-pool.conf -O /etc/php/7.2/fpm/pool.d/$DOMAINNAME.conf\r\nsudo useradd -m $USER\r\nsudo mkdir -p $WEBROOT\r\nsudo mkdir -p /home/$USER/tmp\r\nsudo echo \"\u003c?php phpinfo();\" \u003e $WEBROOT/index.php\r\nsudo echo \"\u003c?php phpinfo();\" \u003e $WEBROOT/elb-heartbeat.php\r\nsudo chown $USER.$USER -R /home/$USER\r\nsudo sed -i 's/%ip%:%web_port%;/80;/' /etc/nginx/conf.d/$DOMAINNAME.conf\r\nsudo sed -i \"s/%domain_idn%/$DOMAINNAME/\" /etc/nginx/conf.d/$DOMAINNAME.conf\r\nsudo sed -i \"s/%alias_idn%/$WEBALIAS/\" /etc/nginx/conf.d/$DOMAINNAME.conf\r\nsudo sed -i \"s@%docroot%@/home/$USER/web/$DOMAINNAME/public_html@\" /etc/nginx/conf.d/$DOMAINNAME.conf\r\nsudo sed -i \"s@%backend_lsnr%@unix:/var/run/php/$DOMAINNAME.sock@\" /etc/nginx/conf.d/$DOMAINNAME.conf\r\nsudo sed -i \"s/%domain%/$DOMAINNAME/\" /etc/nginx/conf.d/$DOMAINNAME.conf\r\n\r\n\r\n#update php-fpm pool for website\r\nsudo sed -i \"s/%backend%/$DOMAINNAME/\" /etc/php/7.2/fpm/pool.d/$DOMAINNAME.conf\r\nsudo sed -i \"s/%user%/$USER/\" /etc/php/7.2/fpm/pool.d/$DOMAINNAME.conf\r\n\r\n#restart services\r\nsudo mkdir -p /var/log/nginx/domains\r\nsudo systemctl restart php7.2-fpm \u0026\u0026 systemctl restart nginx\r\nsed -i 's/#Port 22/Port 7272/' /etc/ssh/sshd_config\r\n#install codeDeploy Agent\r\nwget http://aws-codedeploy-${aws_region}.s3.amazonaws.com/latest/install -O /tmp/aws-codedeploy\r\nchmod +x /tmp/aws-codedeploy\r\n/tmp/aws-codedeploy auto\r\n\r\nreboot",
                            "vars.%": "7",
                            "vars.aws_region": "eu-west-1",
                            "vars.db_host": "mysql-db.chkav2tuggz0.eu-west-1.rds.amazonaws.com",
                            "vars.db_name": "myex_mydb",
                            "vars.db_pass": "cDeErsOl86beK6GQCV",
                            "vars.db_user": "myex_dbadm",
                            "vars.domain_name": "khushal.com",
                            "vars.webuser_name": "myex-web"
                        },
                        "meta": {},
                        "tainted": false
                    },
                    "deposed": [],
                    "provider": "provider.template"
                },
                "random_pet.app_asg_name": {
                    "type": "random_pet",
                    "depends_on": [
                        "aws_launch_configuration.app_lc.*"
                    ],
                    "primary": {
                        "id": "charmed-piranha",
                        "attributes": {
                            "id": "charmed-piranha",
                            "keepers.%": "1",
                            "keepers.lc_name": "lc-apps-prod-20181212173056176700000001",
                            "length": "2",
                            "separator": "-"
                        },
                        "meta": {},
                        "tainted": false
                    },
                    "deposed": [],
                    "provider": "provider.random"
                },
                "random_pet.web_asg_name": {
                    "type": "random_pet",
                    "depends_on": [
                        "aws_launch_configuration.web_lc.*"
                    ],
                    "primary": {
                        "id": "definite-chipmunk",
                        "attributes": {
                            "id": "definite-chipmunk",
                            "keepers.%": "1",
                            "keepers.lc_name": "lc-web-prod-20181212173056176700000002",
                            "length": "2",
                            "separator": "-"
                        },
                        "meta": {},
                        "tainted": false
                    },
                    "deposed": [],
                    "provider": "provider.random"
                },
                "random_string.password": {
                    "type": "random_string",
                    "depends_on": [],
                    "primary": {
                        "id": "none",
                        "attributes": {
                            "id": "none",
                            "length": "18",
                            "lower": "true",
                            "min_lower": "0",
                            "min_numeric": "0",
                            "min_special": "0",
                            "min_upper": "0",
                            "number": "true",
                            "result": "cDeErsOl86beK6GQCV",
                            "special": "false",
                            "upper": "true"
                        },
                        "meta": {
                            "schema_version": "1"
                        },
                        "tainted": false
                    },
                    "deposed": [],
                    "provider": "provider.random"
                }
            },
            "depends_on": []
        }
    ]
}
